
Microsoft Visual Studio Solution File, Format Version 12.00
# Visual Studio Version 17
VisualStudioVersion = 17.14.36414.22
MinimumVisualStudioVersion = 10.0.40219.1
Project("{FAE04EC0-301F-11D3-BF4B-00C04F79EFBC}") = "NP test", "NP test\NP test.csproj", "{9CE1AD48-93DA-4155-BF3C-AD612DFD2F46}"
EndProject
Project("{FAE04EC0-301F-11D3-BF4B-00C04F79EFBC}") = "TCP server app", "TCP server app\TCP server app.csproj", "{C3824D2D-9E2D-45DE-876C-BD0D4FB67538}"
EndProject
Project("{FAE04EC0-301F-11D3-BF4B-00C04F79EFBC}") = "TCP client app", "TCP client app\TCP client app.csproj", "{C2B2B6EA-A5F0-41BB-8C83-8D4509960B1B}"
EndProject
Project("{FAE04EC0-301F-11D3-BF4B-00C04F79EFBC}") = "TCP multi-client server", "TCP multi-client server\TCP multi-client server.csproj", "{3AB0D990-340E-401F-B491-E284A7CC6AC1}"
EndProject
Project("{FAE04EC0-301F-11D3-BF4B-00C04F79EFBC}") = "TCP chat client", "TCP chat client\TCP chat client.csproj", "{0AC0C314-B014-4930-B2A2-96F17AE5F132}"
EndProject
Project("{FAE04EC0-301F-11D3-BF4B-00C04F79EFBC}") = "01_Server", "01_Server\01_Server.csproj", "{C44C5F96-54BF-47C9-B59F-F06B74308671}"
EndProject
Project("{FAE04EC0-301F-11D3-BF4B-00C04F79EFBC}") = "01_Client", "01_Client\01_Client.csproj", "{78478816-3E1F-4940-B6BE-CE0E68E542B9}"
EndProject
Project("{FAE04EC0-301F-11D3-BF4B-00C04F79EFBC}") = "02_Async server", "02_Async server\02_Async server.csproj", "{DD2BE9DE-276A-44E9-BCFE-683C25C67629}"
EndProject
Project("{FAE04EC0-301F-11D3-BF4B-00C04F79EFBC}") = "02_Async client", "02_Async client\02_Async client.csproj", "{E720D27F-F4C1-4B30-9136-71C572D954A0}"
EndProject
Project("{FAE04EC0-301F-11D3-BF4B-00C04F79EFBC}") = "WFServer", "WFServer\WFServer.csproj", "{97227BF8-FF38-4EB9-B352-F3C647E54C1F}"
EndProject
Project("{2150E333-8FDC-42A3-9474-1A3956D46DE8}") = "03 tcp WF", "03 tcp WF", "{02EA681E-C7D8-13C7-8484-4AC65E1B71E8}"
EndProject
Project("{2150E333-8FDC-42A3-9474-1A3956D46DE8}") = "01", "01", "{BBDC399E-DE91-4662-A433-5942DC081FA0}"
EndProject
Project("{2150E333-8FDC-42A3-9474-1A3956D46DE8}") = "02 ASync", "02 ASync", "{FEBD0E43-A682-4C86-8804-1DFAC645A8B0}"
EndProject
Project("{FAE04EC0-301F-11D3-BF4B-00C04F79EFBC}") = "WFClient", "WFClient\WFClient.csproj", "{47E9B240-790A-4545-A84D-185D290E1337}"
EndProject
Project("{2150E333-8FDC-42A3-9474-1A3956D46DE8}") = "04 Hello bye WF", "04 Hello bye WF", "{BDC63DBE-3095-442B-8F47-6968F24DDA70}"
EndProject
Project("{FAE04EC0-301F-11D3-BF4B-00C04F79EFBC}") = "Hello Bye WF server", "Hello Bye WF\Hello Bye WF server.csproj", "{AF99BAA7-E230-4B06-8CFD-5B3A97E86917}"
EndProject
Project("{FAE04EC0-301F-11D3-BF4B-00C04F79EFBC}") = "Hello Bye WF Client", "Hello Bye WF Client\Hello Bye WF Client.csproj", "{56E4C2F4-7941-46A7-937C-18B4504CA895}"
EndProject
Project("{2150E333-8FDC-42A3-9474-1A3956D46DE8}") = "Console tcp chat", "Console tcp chat", "{9A7EEB90-E39C-43C4-A78D-5EBE828C36FC}"
EndProject
Project("{2150E333-8FDC-42A3-9474-1A3956D46DE8}") = "Console multiclients chat tcp", "Console multiclients chat tcp", "{05B3DFC6-2E67-4E1D-A0E7-422B1C4425CF}"
EndProject
Project("{FAE04EC0-301F-11D3-BF4B-00C04F79EFBC}") = "00-Socket server", "00-Socket server\00-Socket server.csproj", "{34166EE0-DB3C-4B92-85E6-8FCC394A2AA7}"
EndProject
Project("{FAE04EC0-301F-11D3-BF4B-00C04F79EFBC}") = "00-Socket client", "00-Socket client\00-Socket client.csproj", "{E462795A-563F-4583-8B05-93AAD50C4874}"
EndProject
Project("{2150E333-8FDC-42A3-9474-1A3956D46DE8}") = "Test", "Test", "{59B16EDA-4BC7-4C63-92C9-CA126CAB48D4}"
EndProject
Project("{FAE04EC0-301F-11D3-BF4B-00C04F79EFBC}") = "Test Server", "Test Server\Test Server.csproj", "{AF03685B-C10C-4979-A39B-BDBF8E7F6A9A}"
EndProject
Project("{FAE04EC0-301F-11D3-BF4B-00C04F79EFBC}") = "Test client", "Test client\Test client.csproj", "{9EDD9585-54C1-48F0-B424-C81C714B82DF}"
EndProject
Project("{2150E333-8FDC-42A3-9474-1A3956D46DE8}") = "00-Socket", "00-Socket", "{E6DDE3E6-D154-47B4-9395-37ACC096F3CA}"
EndProject
Project("{2150E333-8FDC-42A3-9474-1A3956D46DE8}") = "Multi client chat (async)", "Multi client chat (async)", "{3A851603-8BC3-496D-BC96-47D3F6BFCAD7}"
EndProject
Project("{FAE04EC0-301F-11D3-BF4B-00C04F79EFBC}") = "Multi client chat async server", "Multi client chat async server\Multi client chat async server.csproj", "{4732C3C6-02BA-4DB5-A7B3-1B2E6989C617}"
EndProject
Project("{FAE04EC0-301F-11D3-BF4B-00C04F79EFBC}") = "Multi client chat async client", "Multi client chat async client\Multi client chat async client.csproj", "{23F95E81-B479-4505-BA3B-B7B2C59A8B46}"
EndProject
Project("{2150E333-8FDC-42A3-9474-1A3956D46DE8}") = "Quote Ex", "Quote Ex", "{063C341B-4AF4-45E9-841E-04989BE9163A}"
EndProject
Project("{FAE04EC0-301F-11D3-BF4B-00C04F79EFBC}") = "Quote Server", "Quote Server\Quote Server.csproj", "{2FE326CA-4B71-4AEA-812F-65F61483AB42}"
EndProject
Project("{FAE04EC0-301F-11D3-BF4B-00C04F79EFBC}") = "Quote Client", "Quote Client\Quote Client.csproj", "{D8147FA2-3CC8-432A-8B3B-88DD38CAA015}"
EndProject
Project("{2150E333-8FDC-42A3-9474-1A3956D46DE8}") = "01 UDP", "01 UDP", "{46D2ECA1-EFEB-46B0-AB57-DC22F8F09572}"
EndProject
Project("{FAE04EC0-301F-11D3-BF4B-00C04F79EFBC}") = "01 UDP Server", "01 UDP Server\01 UDP Server.csproj", "{9A687DA1-2CB3-45B3-878D-D9A00DF4B8C6}"
EndProject
Project("{FAE04EC0-301F-11D3-BF4B-00C04F79EFBC}") = "01 UDP client", "01 UDP client\01 UDP client.csproj", "{3AEC547F-7BED-4F3E-9E56-CBC957EEF566}"
EndProject
Project("{FAE04EC0-301F-11D3-BF4B-00C04F79EFBC}") = "02 UDP async server", "02 UDP async server\02 UDP async server.csproj", "{6FEF6C04-27EC-463B-81F9-3D9556BD68BE}"
EndProject
Project("{2150E333-8FDC-42A3-9474-1A3956D46DE8}") = "UDP", "UDP", "{B0D6F489-6215-4B75-BAA8-A9E72BA0BA31}"
EndProject
Project("{2150E333-8FDC-42A3-9474-1A3956D46DE8}") = "02 UDP async", "02 UDP async", "{EA6AC3BE-C0F4-4692-B2FC-78D1EE1549FB}"
EndProject
Project("{FAE04EC0-301F-11D3-BF4B-00C04F79EFBC}") = "02 UDP async client", "02 UDP async client\02 UDP async client.csproj", "{D321EABE-4B76-4014-95D9-746A3CB4C5BF}"
EndProject
Project("{2150E333-8FDC-42A3-9474-1A3956D46DE8}") = "03 UDP", "03 UDP", "{094B3B15-F3B2-418F-B677-A31C180AD6A3}"
EndProject
Project("{FAE04EC0-301F-11D3-BF4B-00C04F79EFBC}") = "03 UDP Server", "03 UDP Server\03 UDP Server.csproj", "{CBA2B35F-BD2B-4E50-9077-255EF8365D28}"
EndProject
Project("{FAE04EC0-301F-11D3-BF4B-00C04F79EFBC}") = "03 UDP Client", "03 UDP Client\03 UDP Client.csproj", "{8541237F-01C4-4E7C-B78B-8D38D33261AC}"
EndProject
Project("{2150E333-8FDC-42A3-9474-1A3956D46DE8}") = "Multicast", "Multicast", "{0CCCB5C4-8FA5-416E-B5CB-059DC2402C8F}"
EndProject
Project("{FAE04EC0-301F-11D3-BF4B-00C04F79EFBC}") = "Multicast server", "Multicast server\Multicast server.csproj", "{F747180E-F965-4628-9D74-AEFD7F6D35EC}"
EndProject
Project("{FAE04EC0-301F-11D3-BF4B-00C04F79EFBC}") = "Multicast client", "Multicast client\Multicast client.csproj", "{B74D00DC-2530-47D2-A9FC-83B8EA46B8A5}"
EndProject
Project("{2150E333-8FDC-42A3-9474-1A3956D46DE8}") = "Multicast(two groups) physical", "Multicast(two groups) physical", "{AD2390E1-4A79-44B8-9BE1-D51D2545107F}"
EndProject
Project("{FAE04EC0-301F-11D3-BF4B-00C04F79EFBC}") = "Multicast 2 grp server", "Multicast 2 grp server\Multicast 2 grp server.csproj", "{D306275A-0EB1-4A12-B100-29883CEE04F8}"
EndProject
Project("{FAE04EC0-301F-11D3-BF4B-00C04F79EFBC}") = "Multicast 2 grp client", "Multicast 2 grp client\Multicast 2 grp client.csproj", "{2CEDF887-A7E3-48DC-8533-599AF655B624}"
EndProject
Project("{2150E333-8FDC-42A3-9474-1A3956D46DE8}") = "Broadcast", "Broadcast", "{D1CA093D-AD99-4B86-A807-4634491B4D7B}"
	ProjectSection(SolutionItems) = preProject
		Broadcast info.txt = Broadcast info.txt
	EndProjectSection
EndProject
Project("{FAE04EC0-301F-11D3-BF4B-00C04F79EFBC}") = "01 Broadcast server", "01 Broadcast server\01 Broadcast server.csproj", "{E4EB92DC-942F-4AC1-9BA2-5942B70AB53A}"
EndProject
Project("{FAE04EC0-301F-11D3-BF4B-00C04F79EFBC}") = "01 Broadcast client", "01 Broadcast client\01 Broadcast client.csproj", "{D967DAD1-221E-4F4B-A222-19408E24B6B5}"
EndProject
Project("{FAE04EC0-301F-11D3-BF4B-00C04F79EFBC}") = "02_Broadcast chat", "02_Broadcast chat\02_Broadcast chat.csproj", "{B38EB86D-E234-48EC-A5B6-97E9AD5BF291}"
EndProject
Project("{FAE04EC0-301F-11D3-BF4B-00C04F79EFBC}") = "03 Broadcast chat - hello msg", "03 Broadcast chat - hello msg\03 Broadcast chat - hello msg.csproj", "{16CC7162-5595-4C30-B3A2-BAD881996E51}"
EndProject
Project("{FAE04EC0-301F-11D3-BF4B-00C04F79EFBC}") = "04 Broadcast chat", "04 Broadcast chat\04 Broadcast chat.csproj", "{D6A8FD00-834B-4038-8C74-6B2B54728F45}"
EndProject
Project("{2150E333-8FDC-42A3-9474-1A3956D46DE8}") = "HTTP", "HTTP", "{7898D66B-5DC4-45FC-B0ED-FABB16DBA0AB}"
EndProject
Project("{FAE04EC0-301F-11D3-BF4B-00C04F79EFBC}") = "01-Http Client", "01-Http Client\01-Http Client.csproj", "{C018709E-7FAB-4676-BC83-2FDBE9ADD2C9}"
EndProject
Project("{FAE04EC0-301F-11D3-BF4B-00C04F79EFBC}") = "02-Petstore demo", "02-Petstore demo\02-Petstore demo.csproj", "{2508792E-F38E-4ED9-88D5-4857FDAE9254}"
EndProject
Project("{FAE04EC0-301F-11D3-BF4B-00C04F79EFBC}") = "WebApplication1", "WebApplication1\WebApplication1.csproj", "{C698F8EF-6F3A-42A1-9BEB-88E247731D42}"
EndProject
Project("{2150E333-8FDC-42A3-9474-1A3956D46DE8}") = "03-Client-Server (cars)", "03-Client-Server (cars)", "{D62E91EB-36CE-4C98-8AF7-3C09C1BC432F}"
EndProject
Project("{FAE04EC0-301F-11D3-BF4B-00C04F79EFBC}") = "Car Server", "Car Server\Car Server.csproj", "{3E7E1B14-1B55-430D-93A5-29E68CA9851B}"
EndProject
Project("{FAE04EC0-301F-11D3-BF4B-00C04F79EFBC}") = "CarLibrary", "CarLibrary\CarLibrary.csproj", "{924FAACA-9802-41A6-AD2E-B5C6A84146F6}"
EndProject
Project("{FAE04EC0-301F-11D3-BF4B-00C04F79EFBC}") = "Car Client", "Car Client\Car Client.csproj", "{67FEFA1C-13EF-4926-84DC-F27DFAC64B9F}"
EndProject
Project("{2150E333-8FDC-42A3-9474-1A3956D46DE8}") = "Web scrapping", "Web scrapping", "{433BE93C-C4D4-4ABE-9B03-FC2A85FBC094}"
EndProject
Project("{FAE04EC0-301F-11D3-BF4B-00C04F79EFBC}") = "01_WebParse", "01_WebParse\01_WebParse.csproj", "{7CC75ED6-AA20-4A14-AD85-17BFB238F09B}"
EndProject
Project("{FAE04EC0-301F-11D3-BF4B-00C04F79EFBC}") = "Download file", "Download file\Download file.csproj", "{6C78FC1B-D337-4E52-B3CE-9CDEC9C9519B}"
EndProject
Project("{FAE04EC0-301F-11D3-BF4B-00C04F79EFBC}") = "ShowImages WF", "ShowImages WF\ShowImages WF.csproj", "{727A6725-C39B-4525-8C57-80A39E9BDFAD}"
EndProject
Project("{FAE04EC0-301F-11D3-BF4B-00C04F79EFBC}") = "Html Web", "Html Web\Html Web.csproj", "{8CCBE650-E5C1-4858-9A44-3E69D1FA0F5B}"
EndProject
Project("{FAE04EC0-301F-11D3-BF4B-00C04F79EFBC}") = "HtmlEntity demo", "HtmlEntity demo\HtmlEntity demo.csproj", "{502C57FE-5A1D-483C-9BC8-B8EBC1D1115C}"
EndProject
Project("{2150E333-8FDC-42A3-9474-1A3956D46DE8}") = "Email", "Email", "{64005E17-CE83-4A11-AFE3-D2E6C4B8F64E}"
EndProject
Project("{FAE04EC0-301F-11D3-BF4B-00C04F79EFBC}") = "01-email", "01-email\01-email.csproj", "{52B2AB2A-4924-4A38-B786-6A2D52620D7C}"
EndProject
Project("{FAE04EC0-301F-11D3-BF4B-00C04F79EFBC}") = "02-MailKit send letter", "02-MailKit send letter\02-MailKit send letter.csproj", "{FAA03E6E-C739-4935-8BF0-081A6D909FED}"
EndProject
Project("{FAE04EC0-301F-11D3-BF4B-00C04F79EFBC}") = "03-NetMail attachment", "03-NetMail attachment\03-NetMail attachment.csproj", "{B746C1F5-5B99-4C08-A8FA-59D1A318000D}"
EndProject
Project("{FAE04EC0-301F-11D3-BF4B-00C04F79EFBC}") = "04-MailKit attachment", "04-MailKit attachment\04-MailKit attachment.csproj", "{8D441ADA-7990-4666-A159-C46ED6406DD3}"
EndProject
Project("{FAE04EC0-301F-11D3-BF4B-00C04F79EFBC}") = "05-Receive email (IMAP, Mailkit)", "05-Receive email (IMAP, Mailkit)\05-Receive email (IMAP, Mailkit).csproj", "{147B4448-3CA9-4A70-88B9-D244BF9E2DCE}"
EndProject
Project("{2150E333-8FDC-42A3-9474-1A3956D46DE8}") = "FTP", "FTP", "{3D07A975-5DEC-4026-8530-4A9CABEEA974}"
EndProject
Project("{FAE04EC0-301F-11D3-BF4B-00C04F79EFBC}") = "01-SFTP", "01-SFTP\01-SFTP.csproj", "{3DE2677F-653B-4727-9B66-F230EBF289DA}"
EndProject
Project("{FAE04EC0-301F-11D3-BF4B-00C04F79EFBC}") = "WF OpenDialog", "WF OpenDialog\WF OpenDialog.csproj", "{4AF065C7-6C08-4DD9-8842-F0FE8C615298}"
EndProject
Project("{FAE04EC0-301F-11D3-BF4B-00C04F79EFBC}") = "06-Use config", "06-Use config\06-Use config.csproj", "{D129EEBC-1C73-4C4E-871C-7488E3F16032}"
EndProject
Global
	GlobalSection(SolutionConfigurationPlatforms) = preSolution
		Debug|Any CPU = Debug|Any CPU
		Release|Any CPU = Release|Any CPU
	EndGlobalSection
	GlobalSection(ProjectConfigurationPlatforms) = postSolution
		{9CE1AD48-93DA-4155-BF3C-AD612DFD2F46}.Debug|Any CPU.ActiveCfg = Debug|Any CPU
		{9CE1AD48-93DA-4155-BF3C-AD612DFD2F46}.Debug|Any CPU.Build.0 = Debug|Any CPU
		{9CE1AD48-93DA-4155-BF3C-AD612DFD2F46}.Release|Any CPU.ActiveCfg = Release|Any CPU
		{9CE1AD48-93DA-4155-BF3C-AD612DFD2F46}.Release|Any CPU.Build.0 = Release|Any CPU
		{C3824D2D-9E2D-45DE-876C-BD0D4FB67538}.Debug|Any CPU.ActiveCfg = Debug|Any CPU
		{C3824D2D-9E2D-45DE-876C-BD0D4FB67538}.Debug|Any CPU.Build.0 = Debug|Any CPU
		{C3824D2D-9E2D-45DE-876C-BD0D4FB67538}.Release|Any CPU.ActiveCfg = Release|Any CPU
		{C3824D2D-9E2D-45DE-876C-BD0D4FB67538}.Release|Any CPU.Build.0 = Release|Any CPU
		{C2B2B6EA-A5F0-41BB-8C83-8D4509960B1B}.Debug|Any CPU.ActiveCfg = Debug|Any CPU
		{C2B2B6EA-A5F0-41BB-8C83-8D4509960B1B}.Debug|Any CPU.Build.0 = Debug|Any CPU
		{C2B2B6EA-A5F0-41BB-8C83-8D4509960B1B}.Release|Any CPU.ActiveCfg = Release|Any CPU
		{C2B2B6EA-A5F0-41BB-8C83-8D4509960B1B}.Release|Any CPU.Build.0 = Release|Any CPU
		{3AB0D990-340E-401F-B491-E284A7CC6AC1}.Debug|Any CPU.ActiveCfg = Debug|Any CPU
		{3AB0D990-340E-401F-B491-E284A7CC6AC1}.Debug|Any CPU.Build.0 = Debug|Any CPU
		{3AB0D990-340E-401F-B491-E284A7CC6AC1}.Release|Any CPU.ActiveCfg = Release|Any CPU
		{3AB0D990-340E-401F-B491-E284A7CC6AC1}.Release|Any CPU.Build.0 = Release|Any CPU
		{0AC0C314-B014-4930-B2A2-96F17AE5F132}.Debug|Any CPU.ActiveCfg = Debug|Any CPU
		{0AC0C314-B014-4930-B2A2-96F17AE5F132}.Debug|Any CPU.Build.0 = Debug|Any CPU
		{0AC0C314-B014-4930-B2A2-96F17AE5F132}.Release|Any CPU.ActiveCfg = Release|Any CPU
		{0AC0C314-B014-4930-B2A2-96F17AE5F132}.Release|Any CPU.Build.0 = Release|Any CPU
		{C44C5F96-54BF-47C9-B59F-F06B74308671}.Debug|Any CPU.ActiveCfg = Debug|Any CPU
		{C44C5F96-54BF-47C9-B59F-F06B74308671}.Debug|Any CPU.Build.0 = Debug|Any CPU
		{C44C5F96-54BF-47C9-B59F-F06B74308671}.Release|Any CPU.ActiveCfg = Release|Any CPU
		{C44C5F96-54BF-47C9-B59F-F06B74308671}.Release|Any CPU.Build.0 = Release|Any CPU
		{78478816-3E1F-4940-B6BE-CE0E68E542B9}.Debug|Any CPU.ActiveCfg = Debug|Any CPU
		{78478816-3E1F-4940-B6BE-CE0E68E542B9}.Debug|Any CPU.Build.0 = Debug|Any CPU
		{78478816-3E1F-4940-B6BE-CE0E68E542B9}.Release|Any CPU.ActiveCfg = Release|Any CPU
		{78478816-3E1F-4940-B6BE-CE0E68E542B9}.Release|Any CPU.Build.0 = Release|Any CPU
		{DD2BE9DE-276A-44E9-BCFE-683C25C67629}.Debug|Any CPU.ActiveCfg = Debug|Any CPU
		{DD2BE9DE-276A-44E9-BCFE-683C25C67629}.Debug|Any CPU.Build.0 = Debug|Any CPU
		{DD2BE9DE-276A-44E9-BCFE-683C25C67629}.Release|Any CPU.ActiveCfg = Release|Any CPU
		{DD2BE9DE-276A-44E9-BCFE-683C25C67629}.Release|Any CPU.Build.0 = Release|Any CPU
		{E720D27F-F4C1-4B30-9136-71C572D954A0}.Debug|Any CPU.ActiveCfg = Debug|Any CPU
		{E720D27F-F4C1-4B30-9136-71C572D954A0}.Debug|Any CPU.Build.0 = Debug|Any CPU
		{E720D27F-F4C1-4B30-9136-71C572D954A0}.Release|Any CPU.ActiveCfg = Release|Any CPU
		{E720D27F-F4C1-4B30-9136-71C572D954A0}.Release|Any CPU.Build.0 = Release|Any CPU
		{97227BF8-FF38-4EB9-B352-F3C647E54C1F}.Debug|Any CPU.ActiveCfg = Debug|Any CPU
		{97227BF8-FF38-4EB9-B352-F3C647E54C1F}.Debug|Any CPU.Build.0 = Debug|Any CPU
		{97227BF8-FF38-4EB9-B352-F3C647E54C1F}.Release|Any CPU.ActiveCfg = Release|Any CPU
		{97227BF8-FF38-4EB9-B352-F3C647E54C1F}.Release|Any CPU.Build.0 = Release|Any CPU
		{47E9B240-790A-4545-A84D-185D290E1337}.Debug|Any CPU.ActiveCfg = Debug|Any CPU
		{47E9B240-790A-4545-A84D-185D290E1337}.Debug|Any CPU.Build.0 = Debug|Any CPU
		{47E9B240-790A-4545-A84D-185D290E1337}.Release|Any CPU.ActiveCfg = Release|Any CPU
		{47E9B240-790A-4545-A84D-185D290E1337}.Release|Any CPU.Build.0 = Release|Any CPU
		{AF99BAA7-E230-4B06-8CFD-5B3A97E86917}.Debug|Any CPU.ActiveCfg = Debug|Any CPU
		{AF99BAA7-E230-4B06-8CFD-5B3A97E86917}.Debug|Any CPU.Build.0 = Debug|Any CPU
		{AF99BAA7-E230-4B06-8CFD-5B3A97E86917}.Release|Any CPU.ActiveCfg = Release|Any CPU
		{AF99BAA7-E230-4B06-8CFD-5B3A97E86917}.Release|Any CPU.Build.0 = Release|Any CPU
		{56E4C2F4-7941-46A7-937C-18B4504CA895}.Debug|Any CPU.ActiveCfg = Debug|Any CPU
		{56E4C2F4-7941-46A7-937C-18B4504CA895}.Debug|Any CPU.Build.0 = Debug|Any CPU
		{56E4C2F4-7941-46A7-937C-18B4504CA895}.Release|Any CPU.ActiveCfg = Release|Any CPU
		{56E4C2F4-7941-46A7-937C-18B4504CA895}.Release|Any CPU.Build.0 = Release|Any CPU
		{34166EE0-DB3C-4B92-85E6-8FCC394A2AA7}.Debug|Any CPU.ActiveCfg = Debug|Any CPU
		{34166EE0-DB3C-4B92-85E6-8FCC394A2AA7}.Debug|Any CPU.Build.0 = Debug|Any CPU
		{34166EE0-DB3C-4B92-85E6-8FCC394A2AA7}.Release|Any CPU.ActiveCfg = Release|Any CPU
		{34166EE0-DB3C-4B92-85E6-8FCC394A2AA7}.Release|Any CPU.Build.0 = Release|Any CPU
		{E462795A-563F-4583-8B05-93AAD50C4874}.Debug|Any CPU.ActiveCfg = Debug|Any CPU
		{E462795A-563F-4583-8B05-93AAD50C4874}.Debug|Any CPU.Build.0 = Debug|Any CPU
		{E462795A-563F-4583-8B05-93AAD50C4874}.Release|Any CPU.ActiveCfg = Release|Any CPU
		{E462795A-563F-4583-8B05-93AAD50C4874}.Release|Any CPU.Build.0 = Release|Any CPU
		{AF03685B-C10C-4979-A39B-BDBF8E7F6A9A}.Debug|Any CPU.ActiveCfg = Debug|Any CPU
		{AF03685B-C10C-4979-A39B-BDBF8E7F6A9A}.Debug|Any CPU.Build.0 = Debug|Any CPU
		{AF03685B-C10C-4979-A39B-BDBF8E7F6A9A}.Release|Any CPU.ActiveCfg = Release|Any CPU
		{AF03685B-C10C-4979-A39B-BDBF8E7F6A9A}.Release|Any CPU.Build.0 = Release|Any CPU
		{9EDD9585-54C1-48F0-B424-C81C714B82DF}.Debug|Any CPU.ActiveCfg = Debug|Any CPU
		{9EDD9585-54C1-48F0-B424-C81C714B82DF}.Debug|Any CPU.Build.0 = Debug|Any CPU
		{9EDD9585-54C1-48F0-B424-C81C714B82DF}.Release|Any CPU.ActiveCfg = Release|Any CPU
		{9EDD9585-54C1-48F0-B424-C81C714B82DF}.Release|Any CPU.Build.0 = Release|Any CPU
		{4732C3C6-02BA-4DB5-A7B3-1B2E6989C617}.Debug|Any CPU.ActiveCfg = Debug|Any CPU
		{4732C3C6-02BA-4DB5-A7B3-1B2E6989C617}.Debug|Any CPU.Build.0 = Debug|Any CPU
		{4732C3C6-02BA-4DB5-A7B3-1B2E6989C617}.Release|Any CPU.ActiveCfg = Release|Any CPU
		{4732C3C6-02BA-4DB5-A7B3-1B2E6989C617}.Release|Any CPU.Build.0 = Release|Any CPU
		{23F95E81-B479-4505-BA3B-B7B2C59A8B46}.Debug|Any CPU.ActiveCfg = Debug|Any CPU
		{23F95E81-B479-4505-BA3B-B7B2C59A8B46}.Debug|Any CPU.Build.0 = Debug|Any CPU
		{23F95E81-B479-4505-BA3B-B7B2C59A8B46}.Release|Any CPU.ActiveCfg = Release|Any CPU
		{23F95E81-B479-4505-BA3B-B7B2C59A8B46}.Release|Any CPU.Build.0 = Release|Any CPU
		{2FE326CA-4B71-4AEA-812F-65F61483AB42}.Debug|Any CPU.ActiveCfg = Debug|Any CPU
		{2FE326CA-4B71-4AEA-812F-65F61483AB42}.Debug|Any CPU.Build.0 = Debug|Any CPU
		{2FE326CA-4B71-4AEA-812F-65F61483AB42}.Release|Any CPU.ActiveCfg = Release|Any CPU
		{2FE326CA-4B71-4AEA-812F-65F61483AB42}.Release|Any CPU.Build.0 = Release|Any CPU
		{D8147FA2-3CC8-432A-8B3B-88DD38CAA015}.Debug|Any CPU.ActiveCfg = Debug|Any CPU
		{D8147FA2-3CC8-432A-8B3B-88DD38CAA015}.Debug|Any CPU.Build.0 = Debug|Any CPU
		{D8147FA2-3CC8-432A-8B3B-88DD38CAA015}.Release|Any CPU.ActiveCfg = Release|Any CPU
		{D8147FA2-3CC8-432A-8B3B-88DD38CAA015}.Release|Any CPU.Build.0 = Release|Any CPU
		{9A687DA1-2CB3-45B3-878D-D9A00DF4B8C6}.Debug|Any CPU.ActiveCfg = Debug|Any CPU
		{9A687DA1-2CB3-45B3-878D-D9A00DF4B8C6}.Debug|Any CPU.Build.0 = Debug|Any CPU
		{9A687DA1-2CB3-45B3-878D-D9A00DF4B8C6}.Release|Any CPU.ActiveCfg = Release|Any CPU
		{9A687DA1-2CB3-45B3-878D-D9A00DF4B8C6}.Release|Any CPU.Build.0 = Release|Any CPU
		{3AEC547F-7BED-4F3E-9E56-CBC957EEF566}.Debug|Any CPU.ActiveCfg = Debug|Any CPU
		{3AEC547F-7BED-4F3E-9E56-CBC957EEF566}.Debug|Any CPU.Build.0 = Debug|Any CPU
		{3AEC547F-7BED-4F3E-9E56-CBC957EEF566}.Release|Any CPU.ActiveCfg = Release|Any CPU
		{3AEC547F-7BED-4F3E-9E56-CBC957EEF566}.Release|Any CPU.Build.0 = Release|Any CPU
		{6FEF6C04-27EC-463B-81F9-3D9556BD68BE}.Debug|Any CPU.ActiveCfg = Debug|Any CPU
		{6FEF6C04-27EC-463B-81F9-3D9556BD68BE}.Debug|Any CPU.Build.0 = Debug|Any CPU
		{6FEF6C04-27EC-463B-81F9-3D9556BD68BE}.Release|Any CPU.ActiveCfg = Release|Any CPU
		{6FEF6C04-27EC-463B-81F9-3D9556BD68BE}.Release|Any CPU.Build.0 = Release|Any CPU
		{D321EABE-4B76-4014-95D9-746A3CB4C5BF}.Debug|Any CPU.ActiveCfg = Debug|Any CPU
		{D321EABE-4B76-4014-95D9-746A3CB4C5BF}.Debug|Any CPU.Build.0 = Debug|Any CPU
		{D321EABE-4B76-4014-95D9-746A3CB4C5BF}.Release|Any CPU.ActiveCfg = Release|Any CPU
		{D321EABE-4B76-4014-95D9-746A3CB4C5BF}.Release|Any CPU.Build.0 = Release|Any CPU
		{CBA2B35F-BD2B-4E50-9077-255EF8365D28}.Debug|Any CPU.ActiveCfg = Debug|Any CPU
		{CBA2B35F-BD2B-4E50-9077-255EF8365D28}.Debug|Any CPU.Build.0 = Debug|Any CPU
		{CBA2B35F-BD2B-4E50-9077-255EF8365D28}.Release|Any CPU.ActiveCfg = Release|Any CPU
		{CBA2B35F-BD2B-4E50-9077-255EF8365D28}.Release|Any CPU.Build.0 = Release|Any CPU
		{8541237F-01C4-4E7C-B78B-8D38D33261AC}.Debug|Any CPU.ActiveCfg = Debug|Any CPU
		{8541237F-01C4-4E7C-B78B-8D38D33261AC}.Debug|Any CPU.Build.0 = Debug|Any CPU
		{8541237F-01C4-4E7C-B78B-8D38D33261AC}.Release|Any CPU.ActiveCfg = Release|Any CPU
		{8541237F-01C4-4E7C-B78B-8D38D33261AC}.Release|Any CPU.Build.0 = Release|Any CPU
		{F747180E-F965-4628-9D74-AEFD7F6D35EC}.Debug|Any CPU.ActiveCfg = Debug|Any CPU
		{F747180E-F965-4628-9D74-AEFD7F6D35EC}.Debug|Any CPU.Build.0 = Debug|Any CPU
		{F747180E-F965-4628-9D74-AEFD7F6D35EC}.Release|Any CPU.ActiveCfg = Release|Any CPU
		{F747180E-F965-4628-9D74-AEFD7F6D35EC}.Release|Any CPU.Build.0 = Release|Any CPU
		{B74D00DC-2530-47D2-A9FC-83B8EA46B8A5}.Debug|Any CPU.ActiveCfg = Debug|Any CPU
		{B74D00DC-2530-47D2-A9FC-83B8EA46B8A5}.Debug|Any CPU.Build.0 = Debug|Any CPU
		{B74D00DC-2530-47D2-A9FC-83B8EA46B8A5}.Release|Any CPU.ActiveCfg = Release|Any CPU
		{B74D00DC-2530-47D2-A9FC-83B8EA46B8A5}.Release|Any CPU.Build.0 = Release|Any CPU
		{D306275A-0EB1-4A12-B100-29883CEE04F8}.Debug|Any CPU.ActiveCfg = Debug|Any CPU
		{D306275A-0EB1-4A12-B100-29883CEE04F8}.Debug|Any CPU.Build.0 = Debug|Any CPU
		{D306275A-0EB1-4A12-B100-29883CEE04F8}.Release|Any CPU.ActiveCfg = Release|Any CPU
		{D306275A-0EB1-4A12-B100-29883CEE04F8}.Release|Any CPU.Build.0 = Release|Any CPU
		{2CEDF887-A7E3-48DC-8533-599AF655B624}.Debug|Any CPU.ActiveCfg = Debug|Any CPU
		{2CEDF887-A7E3-48DC-8533-599AF655B624}.Debug|Any CPU.Build.0 = Debug|Any CPU
		{2CEDF887-A7E3-48DC-8533-599AF655B624}.Release|Any CPU.ActiveCfg = Release|Any CPU
		{2CEDF887-A7E3-48DC-8533-599AF655B624}.Release|Any CPU.Build.0 = Release|Any CPU
		{E4EB92DC-942F-4AC1-9BA2-5942B70AB53A}.Debug|Any CPU.ActiveCfg = Debug|Any CPU
		{E4EB92DC-942F-4AC1-9BA2-5942B70AB53A}.Debug|Any CPU.Build.0 = Debug|Any CPU
		{E4EB92DC-942F-4AC1-9BA2-5942B70AB53A}.Release|Any CPU.ActiveCfg = Release|Any CPU
		{E4EB92DC-942F-4AC1-9BA2-5942B70AB53A}.Release|Any CPU.Build.0 = Release|Any CPU
		{D967DAD1-221E-4F4B-A222-19408E24B6B5}.Debug|Any CPU.ActiveCfg = Debug|Any CPU
		{D967DAD1-221E-4F4B-A222-19408E24B6B5}.Debug|Any CPU.Build.0 = Debug|Any CPU
		{D967DAD1-221E-4F4B-A222-19408E24B6B5}.Release|Any CPU.ActiveCfg = Release|Any CPU
		{D967DAD1-221E-4F4B-A222-19408E24B6B5}.Release|Any CPU.Build.0 = Release|Any CPU
		{B38EB86D-E234-48EC-A5B6-97E9AD5BF291}.Debug|Any CPU.ActiveCfg = Debug|Any CPU
		{B38EB86D-E234-48EC-A5B6-97E9AD5BF291}.Debug|Any CPU.Build.0 = Debug|Any CPU
		{B38EB86D-E234-48EC-A5B6-97E9AD5BF291}.Release|Any CPU.ActiveCfg = Release|Any CPU
		{B38EB86D-E234-48EC-A5B6-97E9AD5BF291}.Release|Any CPU.Build.0 = Release|Any CPU
		{16CC7162-5595-4C30-B3A2-BAD881996E51}.Debug|Any CPU.ActiveCfg = Debug|Any CPU
		{16CC7162-5595-4C30-B3A2-BAD881996E51}.Debug|Any CPU.Build.0 = Debug|Any CPU
		{16CC7162-5595-4C30-B3A2-BAD881996E51}.Release|Any CPU.ActiveCfg = Release|Any CPU
		{16CC7162-5595-4C30-B3A2-BAD881996E51}.Release|Any CPU.Build.0 = Release|Any CPU
		{D6A8FD00-834B-4038-8C74-6B2B54728F45}.Debug|Any CPU.ActiveCfg = Debug|Any CPU
		{D6A8FD00-834B-4038-8C74-6B2B54728F45}.Debug|Any CPU.Build.0 = Debug|Any CPU
		{D6A8FD00-834B-4038-8C74-6B2B54728F45}.Release|Any CPU.ActiveCfg = Release|Any CPU
		{D6A8FD00-834B-4038-8C74-6B2B54728F45}.Release|Any CPU.Build.0 = Release|Any CPU
		{C018709E-7FAB-4676-BC83-2FDBE9ADD2C9}.Debug|Any CPU.ActiveCfg = Debug|Any CPU
		{C018709E-7FAB-4676-BC83-2FDBE9ADD2C9}.Debug|Any CPU.Build.0 = Debug|Any CPU
		{C018709E-7FAB-4676-BC83-2FDBE9ADD2C9}.Release|Any CPU.ActiveCfg = Release|Any CPU
		{C018709E-7FAB-4676-BC83-2FDBE9ADD2C9}.Release|Any CPU.Build.0 = Release|Any CPU
		{2508792E-F38E-4ED9-88D5-4857FDAE9254}.Debug|Any CPU.ActiveCfg = Debug|Any CPU
		{2508792E-F38E-4ED9-88D5-4857FDAE9254}.Debug|Any CPU.Build.0 = Debug|Any CPU
		{2508792E-F38E-4ED9-88D5-4857FDAE9254}.Release|Any CPU.ActiveCfg = Release|Any CPU
		{2508792E-F38E-4ED9-88D5-4857FDAE9254}.Release|Any CPU.Build.0 = Release|Any CPU
		{C698F8EF-6F3A-42A1-9BEB-88E247731D42}.Debug|Any CPU.ActiveCfg = Debug|Any CPU
		{C698F8EF-6F3A-42A1-9BEB-88E247731D42}.Debug|Any CPU.Build.0 = Debug|Any CPU
		{C698F8EF-6F3A-42A1-9BEB-88E247731D42}.Release|Any CPU.ActiveCfg = Release|Any CPU
		{C698F8EF-6F3A-42A1-9BEB-88E247731D42}.Release|Any CPU.Build.0 = Release|Any CPU
		{3E7E1B14-1B55-430D-93A5-29E68CA9851B}.Debug|Any CPU.ActiveCfg = Debug|Any CPU
		{3E7E1B14-1B55-430D-93A5-29E68CA9851B}.Debug|Any CPU.Build.0 = Debug|Any CPU
		{3E7E1B14-1B55-430D-93A5-29E68CA9851B}.Release|Any CPU.ActiveCfg = Release|Any CPU
		{3E7E1B14-1B55-430D-93A5-29E68CA9851B}.Release|Any CPU.Build.0 = Release|Any CPU
		{924FAACA-9802-41A6-AD2E-B5C6A84146F6}.Debug|Any CPU.ActiveCfg = Debug|Any CPU
		{924FAACA-9802-41A6-AD2E-B5C6A84146F6}.Debug|Any CPU.Build.0 = Debug|Any CPU
		{924FAACA-9802-41A6-AD2E-B5C6A84146F6}.Release|Any CPU.ActiveCfg = Release|Any CPU
		{924FAACA-9802-41A6-AD2E-B5C6A84146F6}.Release|Any CPU.Build.0 = Release|Any CPU
		{67FEFA1C-13EF-4926-84DC-F27DFAC64B9F}.Debug|Any CPU.ActiveCfg = Debug|Any CPU
		{67FEFA1C-13EF-4926-84DC-F27DFAC64B9F}.Debug|Any CPU.Build.0 = Debug|Any CPU
		{67FEFA1C-13EF-4926-84DC-F27DFAC64B9F}.Release|Any CPU.ActiveCfg = Release|Any CPU
		{67FEFA1C-13EF-4926-84DC-F27DFAC64B9F}.Release|Any CPU.Build.0 = Release|Any CPU
		{7CC75ED6-AA20-4A14-AD85-17BFB238F09B}.Debug|Any CPU.ActiveCfg = Debug|Any CPU
		{7CC75ED6-AA20-4A14-AD85-17BFB238F09B}.Debug|Any CPU.Build.0 = Debug|Any CPU
		{7CC75ED6-AA20-4A14-AD85-17BFB238F09B}.Release|Any CPU.ActiveCfg = Release|Any CPU
		{7CC75ED6-AA20-4A14-AD85-17BFB238F09B}.Release|Any CPU.Build.0 = Release|Any CPU
		{6C78FC1B-D337-4E52-B3CE-9CDEC9C9519B}.Debug|Any CPU.ActiveCfg = Debug|Any CPU
		{6C78FC1B-D337-4E52-B3CE-9CDEC9C9519B}.Debug|Any CPU.Build.0 = Debug|Any CPU
		{6C78FC1B-D337-4E52-B3CE-9CDEC9C9519B}.Release|Any CPU.ActiveCfg = Release|Any CPU
		{6C78FC1B-D337-4E52-B3CE-9CDEC9C9519B}.Release|Any CPU.Build.0 = Release|Any CPU
		{727A6725-C39B-4525-8C57-80A39E9BDFAD}.Debug|Any CPU.ActiveCfg = Debug|Any CPU
		{727A6725-C39B-4525-8C57-80A39E9BDFAD}.Debug|Any CPU.Build.0 = Debug|Any CPU
		{727A6725-C39B-4525-8C57-80A39E9BDFAD}.Release|Any CPU.ActiveCfg = Release|Any CPU
		{727A6725-C39B-4525-8C57-80A39E9BDFAD}.Release|Any CPU.Build.0 = Release|Any CPU
		{8CCBE650-E5C1-4858-9A44-3E69D1FA0F5B}.Debug|Any CPU.ActiveCfg = Debug|Any CPU
		{8CCBE650-E5C1-4858-9A44-3E69D1FA0F5B}.Debug|Any CPU.Build.0 = Debug|Any CPU
		{8CCBE650-E5C1-4858-9A44-3E69D1FA0F5B}.Release|Any CPU.ActiveCfg = Release|Any CPU
		{8CCBE650-E5C1-4858-9A44-3E69D1FA0F5B}.Release|Any CPU.Build.0 = Release|Any CPU
		{502C57FE-5A1D-483C-9BC8-B8EBC1D1115C}.Debug|Any CPU.ActiveCfg = Debug|Any CPU
		{502C57FE-5A1D-483C-9BC8-B8EBC1D1115C}.Debug|Any CPU.Build.0 = Debug|Any CPU
		{502C57FE-5A1D-483C-9BC8-B8EBC1D1115C}.Release|Any CPU.ActiveCfg = Release|Any CPU
		{502C57FE-5A1D-483C-9BC8-B8EBC1D1115C}.Release|Any CPU.Build.0 = Release|Any CPU
		{52B2AB2A-4924-4A38-B786-6A2D52620D7C}.Debug|Any CPU.ActiveCfg = Debug|Any CPU
		{52B2AB2A-4924-4A38-B786-6A2D52620D7C}.Debug|Any CPU.Build.0 = Debug|Any CPU
		{52B2AB2A-4924-4A38-B786-6A2D52620D7C}.Release|Any CPU.ActiveCfg = Release|Any CPU
		{52B2AB2A-4924-4A38-B786-6A2D52620D7C}.Release|Any CPU.Build.0 = Release|Any CPU
		{FAA03E6E-C739-4935-8BF0-081A6D909FED}.Debug|Any CPU.ActiveCfg = Debug|Any CPU
		{FAA03E6E-C739-4935-8BF0-081A6D909FED}.Debug|Any CPU.Build.0 = Debug|Any CPU
		{FAA03E6E-C739-4935-8BF0-081A6D909FED}.Release|Any CPU.ActiveCfg = Release|Any CPU
		{FAA03E6E-C739-4935-8BF0-081A6D909FED}.Release|Any CPU.Build.0 = Release|Any CPU
		{B746C1F5-5B99-4C08-A8FA-59D1A318000D}.Debug|Any CPU.ActiveCfg = Debug|Any CPU
		{B746C1F5-5B99-4C08-A8FA-59D1A318000D}.Debug|Any CPU.Build.0 = Debug|Any CPU
		{B746C1F5-5B99-4C08-A8FA-59D1A318000D}.Release|Any CPU.ActiveCfg = Release|Any CPU
		{B746C1F5-5B99-4C08-A8FA-59D1A318000D}.Release|Any CPU.Build.0 = Release|Any CPU
		{8D441ADA-7990-4666-A159-C46ED6406DD3}.Debug|Any CPU.ActiveCfg = Debug|Any CPU
		{8D441ADA-7990-4666-A159-C46ED6406DD3}.Debug|Any CPU.Build.0 = Debug|Any CPU
		{8D441ADA-7990-4666-A159-C46ED6406DD3}.Release|Any CPU.ActiveCfg = Release|Any CPU
		{8D441ADA-7990-4666-A159-C46ED6406DD3}.Release|Any CPU.Build.0 = Release|Any CPU
		{147B4448-3CA9-4A70-88B9-D244BF9E2DCE}.Debug|Any CPU.ActiveCfg = Debug|Any CPU
		{147B4448-3CA9-4A70-88B9-D244BF9E2DCE}.Debug|Any CPU.Build.0 = Debug|Any CPU
		{147B4448-3CA9-4A70-88B9-D244BF9E2DCE}.Release|Any CPU.ActiveCfg = Release|Any CPU
		{147B4448-3CA9-4A70-88B9-D244BF9E2DCE}.Release|Any CPU.Build.0 = Release|Any CPU
		{3DE2677F-653B-4727-9B66-F230EBF289DA}.Debug|Any CPU.ActiveCfg = Debug|Any CPU
		{3DE2677F-653B-4727-9B66-F230EBF289DA}.Debug|Any CPU.Build.0 = Debug|Any CPU
		{3DE2677F-653B-4727-9B66-F230EBF289DA}.Release|Any CPU.ActiveCfg = Release|Any CPU
		{3DE2677F-653B-4727-9B66-F230EBF289DA}.Release|Any CPU.Build.0 = Release|Any CPU
		{4AF065C7-6C08-4DD9-8842-F0FE8C615298}.Debug|Any CPU.ActiveCfg = Debug|Any CPU
		{4AF065C7-6C08-4DD9-8842-F0FE8C615298}.Debug|Any CPU.Build.0 = Debug|Any CPU
		{4AF065C7-6C08-4DD9-8842-F0FE8C615298}.Release|Any CPU.ActiveCfg = Release|Any CPU
		{4AF065C7-6C08-4DD9-8842-F0FE8C615298}.Release|Any CPU.Build.0 = Release|Any CPU
		{D129EEBC-1C73-4C4E-871C-7488E3F16032}.Debug|Any CPU.ActiveCfg = Debug|Any CPU
		{D129EEBC-1C73-4C4E-871C-7488E3F16032}.Debug|Any CPU.Build.0 = Debug|Any CPU
		{D129EEBC-1C73-4C4E-871C-7488E3F16032}.Release|Any CPU.ActiveCfg = Release|Any CPU
		{D129EEBC-1C73-4C4E-871C-7488E3F16032}.Release|Any CPU.Build.0 = Release|Any CPU
	EndGlobalSection
	GlobalSection(SolutionProperties) = preSolution
		HideSolutionNode = FALSE
	EndGlobalSection
	GlobalSection(NestedProjects) = preSolution
		{C3824D2D-9E2D-45DE-876C-BD0D4FB67538} = {9A7EEB90-E39C-43C4-A78D-5EBE828C36FC}
		{C2B2B6EA-A5F0-41BB-8C83-8D4509960B1B} = {9A7EEB90-E39C-43C4-A78D-5EBE828C36FC}
		{3AB0D990-340E-401F-B491-E284A7CC6AC1} = {05B3DFC6-2E67-4E1D-A0E7-422B1C4425CF}
		{0AC0C314-B014-4930-B2A2-96F17AE5F132} = {05B3DFC6-2E67-4E1D-A0E7-422B1C4425CF}
		{C44C5F96-54BF-47C9-B59F-F06B74308671} = {BBDC399E-DE91-4662-A433-5942DC081FA0}
		{78478816-3E1F-4940-B6BE-CE0E68E542B9} = {BBDC399E-DE91-4662-A433-5942DC081FA0}
		{DD2BE9DE-276A-44E9-BCFE-683C25C67629} = {FEBD0E43-A682-4C86-8804-1DFAC645A8B0}
		{E720D27F-F4C1-4B30-9136-71C572D954A0} = {FEBD0E43-A682-4C86-8804-1DFAC645A8B0}
		{97227BF8-FF38-4EB9-B352-F3C647E54C1F} = {02EA681E-C7D8-13C7-8484-4AC65E1B71E8}
		{47E9B240-790A-4545-A84D-185D290E1337} = {02EA681E-C7D8-13C7-8484-4AC65E1B71E8}
		{AF99BAA7-E230-4B06-8CFD-5B3A97E86917} = {BDC63DBE-3095-442B-8F47-6968F24DDA70}
		{56E4C2F4-7941-46A7-937C-18B4504CA895} = {BDC63DBE-3095-442B-8F47-6968F24DDA70}
		{34166EE0-DB3C-4B92-85E6-8FCC394A2AA7} = {E6DDE3E6-D154-47B4-9395-37ACC096F3CA}
		{E462795A-563F-4583-8B05-93AAD50C4874} = {E6DDE3E6-D154-47B4-9395-37ACC096F3CA}
		{AF03685B-C10C-4979-A39B-BDBF8E7F6A9A} = {59B16EDA-4BC7-4C63-92C9-CA126CAB48D4}
		{9EDD9585-54C1-48F0-B424-C81C714B82DF} = {59B16EDA-4BC7-4C63-92C9-CA126CAB48D4}
		{4732C3C6-02BA-4DB5-A7B3-1B2E6989C617} = {3A851603-8BC3-496D-BC96-47D3F6BFCAD7}
		{23F95E81-B479-4505-BA3B-B7B2C59A8B46} = {3A851603-8BC3-496D-BC96-47D3F6BFCAD7}
		{2FE326CA-4B71-4AEA-812F-65F61483AB42} = {063C341B-4AF4-45E9-841E-04989BE9163A}
		{D8147FA2-3CC8-432A-8B3B-88DD38CAA015} = {063C341B-4AF4-45E9-841E-04989BE9163A}
		{46D2ECA1-EFEB-46B0-AB57-DC22F8F09572} = {B0D6F489-6215-4B75-BAA8-A9E72BA0BA31}
		{9A687DA1-2CB3-45B3-878D-D9A00DF4B8C6} = {46D2ECA1-EFEB-46B0-AB57-DC22F8F09572}
		{3AEC547F-7BED-4F3E-9E56-CBC957EEF566} = {46D2ECA1-EFEB-46B0-AB57-DC22F8F09572}
		{6FEF6C04-27EC-463B-81F9-3D9556BD68BE} = {EA6AC3BE-C0F4-4692-B2FC-78D1EE1549FB}
		{EA6AC3BE-C0F4-4692-B2FC-78D1EE1549FB} = {B0D6F489-6215-4B75-BAA8-A9E72BA0BA31}
		{D321EABE-4B76-4014-95D9-746A3CB4C5BF} = {EA6AC3BE-C0F4-4692-B2FC-78D1EE1549FB}
		{094B3B15-F3B2-418F-B677-A31C180AD6A3} = {B0D6F489-6215-4B75-BAA8-A9E72BA0BA31}
		{CBA2B35F-BD2B-4E50-9077-255EF8365D28} = {094B3B15-F3B2-418F-B677-A31C180AD6A3}
		{8541237F-01C4-4E7C-B78B-8D38D33261AC} = {094B3B15-F3B2-418F-B677-A31C180AD6A3}
		{0CCCB5C4-8FA5-416E-B5CB-059DC2402C8F} = {B0D6F489-6215-4B75-BAA8-A9E72BA0BA31}
		{F747180E-F965-4628-9D74-AEFD7F6D35EC} = {0CCCB5C4-8FA5-416E-B5CB-059DC2402C8F}
		{B74D00DC-2530-47D2-A9FC-83B8EA46B8A5} = {0CCCB5C4-8FA5-416E-B5CB-059DC2402C8F}
		{AD2390E1-4A79-44B8-9BE1-D51D2545107F} = {B0D6F489-6215-4B75-BAA8-A9E72BA0BA31}
		{D306275A-0EB1-4A12-B100-29883CEE04F8} = {AD2390E1-4A79-44B8-9BE1-D51D2545107F}
		{2CEDF887-A7E3-48DC-8533-599AF655B624} = {AD2390E1-4A79-44B8-9BE1-D51D2545107F}
		{D1CA093D-AD99-4B86-A807-4634491B4D7B} = {B0D6F489-6215-4B75-BAA8-A9E72BA0BA31}
		{E4EB92DC-942F-4AC1-9BA2-5942B70AB53A} = {D1CA093D-AD99-4B86-A807-4634491B4D7B}
		{D967DAD1-221E-4F4B-A222-19408E24B6B5} = {D1CA093D-AD99-4B86-A807-4634491B4D7B}
		{B38EB86D-E234-48EC-A5B6-97E9AD5BF291} = {D1CA093D-AD99-4B86-A807-4634491B4D7B}
		{16CC7162-5595-4C30-B3A2-BAD881996E51} = {D1CA093D-AD99-4B86-A807-4634491B4D7B}
		{D6A8FD00-834B-4038-8C74-6B2B54728F45} = {D1CA093D-AD99-4B86-A807-4634491B4D7B}
		{C018709E-7FAB-4676-BC83-2FDBE9ADD2C9} = {7898D66B-5DC4-45FC-B0ED-FABB16DBA0AB}
		{2508792E-F38E-4ED9-88D5-4857FDAE9254} = {7898D66B-5DC4-45FC-B0ED-FABB16DBA0AB}
		{D62E91EB-36CE-4C98-8AF7-3C09C1BC432F} = {7898D66B-5DC4-45FC-B0ED-FABB16DBA0AB}
		{3E7E1B14-1B55-430D-93A5-29E68CA9851B} = {D62E91EB-36CE-4C98-8AF7-3C09C1BC432F}
		{924FAACA-9802-41A6-AD2E-B5C6A84146F6} = {D62E91EB-36CE-4C98-8AF7-3C09C1BC432F}
		{67FEFA1C-13EF-4926-84DC-F27DFAC64B9F} = {D62E91EB-36CE-4C98-8AF7-3C09C1BC432F}
		{7CC75ED6-AA20-4A14-AD85-17BFB238F09B} = {433BE93C-C4D4-4ABE-9B03-FC2A85FBC094}
		{6C78FC1B-D337-4E52-B3CE-9CDEC9C9519B} = {433BE93C-C4D4-4ABE-9B03-FC2A85FBC094}
		{727A6725-C39B-4525-8C57-80A39E9BDFAD} = {433BE93C-C4D4-4ABE-9B03-FC2A85FBC094}
		{8CCBE650-E5C1-4858-9A44-3E69D1FA0F5B} = {433BE93C-C4D4-4ABE-9B03-FC2A85FBC094}
		{502C57FE-5A1D-483C-9BC8-B8EBC1D1115C} = {433BE93C-C4D4-4ABE-9B03-FC2A85FBC094}
		{52B2AB2A-4924-4A38-B786-6A2D52620D7C} = {64005E17-CE83-4A11-AFE3-D2E6C4B8F64E}
		{FAA03E6E-C739-4935-8BF0-081A6D909FED} = {64005E17-CE83-4A11-AFE3-D2E6C4B8F64E}
		{B746C1F5-5B99-4C08-A8FA-59D1A318000D} = {64005E17-CE83-4A11-AFE3-D2E6C4B8F64E}
		{8D441ADA-7990-4666-A159-C46ED6406DD3} = {64005E17-CE83-4A11-AFE3-D2E6C4B8F64E}
		{147B4448-3CA9-4A70-88B9-D244BF9E2DCE} = {64005E17-CE83-4A11-AFE3-D2E6C4B8F64E}
		{3DE2677F-653B-4727-9B66-F230EBF289DA} = {3D07A975-5DEC-4026-8530-4A9CABEEA974}
		{D129EEBC-1C73-4C4E-871C-7488E3F16032} = {64005E17-CE83-4A11-AFE3-D2E6C4B8F64E}
	EndGlobalSection
	GlobalSection(ExtensibilityGlobals) = postSolution
		SolutionGuid = {E3DAA371-10A4-401A-AFAC-6DDB2D695A8F}
	EndGlobalSection
EndGlobal
