
Microsoft Visual Studio Solution File, Format Version 12.00
# Visual Studio Version 17
VisualStudioVersion = 17.14.36414.22
MinimumVisualStudioVersion = 10.0.40219.1
Project("{FAE04EC0-301F-11D3-BF4B-00C04F79EFBC}") = "NP test", "NP test\NP test.csproj", "{9CE1AD48-93DA-4155-BF3C-AD612DFD2F46}"
EndProject
Project("{FAE04EC0-301F-11D3-BF4B-00C04F79EFBC}") = "TCP server app", "TCP server app\TCP server app.csproj", "{C3824D2D-9E2D-45DE-876C-BD0D4FB67538}"
EndProject
Project("{FAE04EC0-301F-11D3-BF4B-00C04F79EFBC}") = "TCP client app", "TCP client app\TCP client app.csproj", "{C2B2B6EA-A5F0-41BB-8C83-8D4509960B1B}"
EndProject
Project("{FAE04EC0-301F-11D3-BF4B-00C04F79EFBC}") = "TCP multi-client server", "TCP multi-client server\TCP multi-client server.csproj", "{3AB0D990-340E-401F-B491-E284A7CC6AC1}"
EndProject
Project("{FAE04EC0-301F-11D3-BF4B-00C04F79EFBC}") = "TCP chat client", "TCP chat client\TCP chat client.csproj", "{0AC0C314-B014-4930-B2A2-96F17AE5F132}"
EndProject
Project("{FAE04EC0-301F-11D3-BF4B-00C04F79EFBC}") = "01_Server", "01_Server\01_Server.csproj", "{C44C5F96-54BF-47C9-B59F-F06B74308671}"
EndProject
Project("{FAE04EC0-301F-11D3-BF4B-00C04F79EFBC}") = "01_Client", "01_Client\01_Client.csproj", "{78478816-3E1F-4940-B6BE-CE0E68E542B9}"
EndProject
Project("{FAE04EC0-301F-11D3-BF4B-00C04F79EFBC}") = "02_Async server", "02_Async server\02_Async server.csproj", "{DD2BE9DE-276A-44E9-BCFE-683C25C67629}"
EndProject
Project("{FAE04EC0-301F-11D3-BF4B-00C04F79EFBC}") = "02_Async client", "02_Async client\02_Async client.csproj", "{E720D27F-F4C1-4B30-9136-71C572D954A0}"
EndProject
Project("{FAE04EC0-301F-11D3-BF4B-00C04F79EFBC}") = "WFServer", "WFServer\WFServer.csproj", "{97227BF8-FF38-4EB9-B352-F3C647E54C1F}"
EndProject
Project("{2150E333-8FDC-42A3-9474-1A3956D46DE8}") = "WF", "WF", "{02EA681E-C7D8-13C7-8484-4AC65E1B71E8}"
EndProject
Project("{2150E333-8FDC-42A3-9474-1A3956D46DE8}") = "01", "01", "{BBDC399E-DE91-4662-A433-5942DC081FA0}"
EndProject
Project("{2150E333-8FDC-42A3-9474-1A3956D46DE8}") = "02 ASync", "02 ASync", "{FEBD0E43-A682-4C86-8804-1DFAC645A8B0}"
EndProject
Project("{FAE04EC0-301F-11D3-BF4B-00C04F79EFBC}") = "WFClient", "WFClient\WFClient.csproj", "{47E9B240-790A-4545-A84D-185D290E1337}"
EndProject
Project("{2150E333-8FDC-42A3-9474-1A3956D46DE8}") = "Hello bye WF", "Hello bye WF", "{BDC63DBE-3095-442B-8F47-6968F24DDA70}"
EndProject
Project("{FAE04EC0-301F-11D3-BF4B-00C04F79EFBC}") = "Hello Bye WF server", "Hello Bye WF\Hello Bye WF server.csproj", "{AF99BAA7-E230-4B06-8CFD-5B3A97E86917}"
EndProject
Project("{FAE04EC0-301F-11D3-BF4B-00C04F79EFBC}") = "Hello Bye WF Client", "Hello Bye WF Client\Hello Bye WF Client.csproj", "{56E4C2F4-7941-46A7-937C-18B4504CA895}"
EndProject
Project("{2150E333-8FDC-42A3-9474-1A3956D46DE8}") = "Console tcp chat", "Console tcp chat", "{9A7EEB90-E39C-43C4-A78D-5EBE828C36FC}"
EndProject
Project("{2150E333-8FDC-42A3-9474-1A3956D46DE8}") = "Console multiclients chat tcp", "Console multiclients chat tcp", "{05B3DFC6-2E67-4E1D-A0E7-422B1C4425CF}"
EndProject
Project("{FAE04EC0-301F-11D3-BF4B-00C04F79EFBC}") = "00-Socket server", "00-Socket server\00-Socket server.csproj", "{34166EE0-DB3C-4B92-85E6-8FCC394A2AA7}"
EndProject
Project("{FAE04EC0-301F-11D3-BF4B-00C04F79EFBC}") = "00-Socket client", "00-Socket client\00-Socket client.csproj", "{E462795A-563F-4583-8B05-93AAD50C4874}"
EndProject
Global
	GlobalSection(SolutionConfigurationPlatforms) = preSolution
		Debug|Any CPU = Debug|Any CPU
		Release|Any CPU = Release|Any CPU
	EndGlobalSection
	GlobalSection(ProjectConfigurationPlatforms) = postSolution
		{9CE1AD48-93DA-4155-BF3C-AD612DFD2F46}.Debug|Any CPU.ActiveCfg = Debug|Any CPU
		{9CE1AD48-93DA-4155-BF3C-AD612DFD2F46}.Debug|Any CPU.Build.0 = Debug|Any CPU
		{9CE1AD48-93DA-4155-BF3C-AD612DFD2F46}.Release|Any CPU.ActiveCfg = Release|Any CPU
		{9CE1AD48-93DA-4155-BF3C-AD612DFD2F46}.Release|Any CPU.Build.0 = Release|Any CPU
		{C3824D2D-9E2D-45DE-876C-BD0D4FB67538}.Debug|Any CPU.ActiveCfg = Debug|Any CPU
		{C3824D2D-9E2D-45DE-876C-BD0D4FB67538}.Debug|Any CPU.Build.0 = Debug|Any CPU
		{C3824D2D-9E2D-45DE-876C-BD0D4FB67538}.Release|Any CPU.ActiveCfg = Release|Any CPU
		{C3824D2D-9E2D-45DE-876C-BD0D4FB67538}.Release|Any CPU.Build.0 = Release|Any CPU
		{C2B2B6EA-A5F0-41BB-8C83-8D4509960B1B}.Debug|Any CPU.ActiveCfg = Debug|Any CPU
		{C2B2B6EA-A5F0-41BB-8C83-8D4509960B1B}.Debug|Any CPU.Build.0 = Debug|Any CPU
		{C2B2B6EA-A5F0-41BB-8C83-8D4509960B1B}.Release|Any CPU.ActiveCfg = Release|Any CPU
		{C2B2B6EA-A5F0-41BB-8C83-8D4509960B1B}.Release|Any CPU.Build.0 = Release|Any CPU
		{3AB0D990-340E-401F-B491-E284A7CC6AC1}.Debug|Any CPU.ActiveCfg = Debug|Any CPU
		{3AB0D990-340E-401F-B491-E284A7CC6AC1}.Debug|Any CPU.Build.0 = Debug|Any CPU
		{3AB0D990-340E-401F-B491-E284A7CC6AC1}.Release|Any CPU.ActiveCfg = Release|Any CPU
		{3AB0D990-340E-401F-B491-E284A7CC6AC1}.Release|Any CPU.Build.0 = Release|Any CPU
		{0AC0C314-B014-4930-B2A2-96F17AE5F132}.Debug|Any CPU.ActiveCfg = Debug|Any CPU
		{0AC0C314-B014-4930-B2A2-96F17AE5F132}.Debug|Any CPU.Build.0 = Debug|Any CPU
		{0AC0C314-B014-4930-B2A2-96F17AE5F132}.Release|Any CPU.ActiveCfg = Release|Any CPU
		{0AC0C314-B014-4930-B2A2-96F17AE5F132}.Release|Any CPU.Build.0 = Release|Any CPU
		{C44C5F96-54BF-47C9-B59F-F06B74308671}.Debug|Any CPU.ActiveCfg = Debug|Any CPU
		{C44C5F96-54BF-47C9-B59F-F06B74308671}.Debug|Any CPU.Build.0 = Debug|Any CPU
		{C44C5F96-54BF-47C9-B59F-F06B74308671}.Release|Any CPU.ActiveCfg = Release|Any CPU
		{C44C5F96-54BF-47C9-B59F-F06B74308671}.Release|Any CPU.Build.0 = Release|Any CPU
		{78478816-3E1F-4940-B6BE-CE0E68E542B9}.Debug|Any CPU.ActiveCfg = Debug|Any CPU
		{78478816-3E1F-4940-B6BE-CE0E68E542B9}.Debug|Any CPU.Build.0 = Debug|Any CPU
		{78478816-3E1F-4940-B6BE-CE0E68E542B9}.Release|Any CPU.ActiveCfg = Release|Any CPU
		{78478816-3E1F-4940-B6BE-CE0E68E542B9}.Release|Any CPU.Build.0 = Release|Any CPU
		{DD2BE9DE-276A-44E9-BCFE-683C25C67629}.Debug|Any CPU.ActiveCfg = Debug|Any CPU
		{DD2BE9DE-276A-44E9-BCFE-683C25C67629}.Debug|Any CPU.Build.0 = Debug|Any CPU
		{DD2BE9DE-276A-44E9-BCFE-683C25C67629}.Release|Any CPU.ActiveCfg = Release|Any CPU
		{DD2BE9DE-276A-44E9-BCFE-683C25C67629}.Release|Any CPU.Build.0 = Release|Any CPU
		{E720D27F-F4C1-4B30-9136-71C572D954A0}.Debug|Any CPU.ActiveCfg = Debug|Any CPU
		{E720D27F-F4C1-4B30-9136-71C572D954A0}.Debug|Any CPU.Build.0 = Debug|Any CPU
		{E720D27F-F4C1-4B30-9136-71C572D954A0}.Release|Any CPU.ActiveCfg = Release|Any CPU
		{E720D27F-F4C1-4B30-9136-71C572D954A0}.Release|Any CPU.Build.0 = Release|Any CPU
		{97227BF8-FF38-4EB9-B352-F3C647E54C1F}.Debug|Any CPU.ActiveCfg = Debug|Any CPU
		{97227BF8-FF38-4EB9-B352-F3C647E54C1F}.Debug|Any CPU.Build.0 = Debug|Any CPU
		{97227BF8-FF38-4EB9-B352-F3C647E54C1F}.Release|Any CPU.ActiveCfg = Release|Any CPU
		{97227BF8-FF38-4EB9-B352-F3C647E54C1F}.Release|Any CPU.Build.0 = Release|Any CPU
		{47E9B240-790A-4545-A84D-185D290E1337}.Debug|Any CPU.ActiveCfg = Debug|Any CPU
		{47E9B240-790A-4545-A84D-185D290E1337}.Debug|Any CPU.Build.0 = Debug|Any CPU
		{47E9B240-790A-4545-A84D-185D290E1337}.Release|Any CPU.ActiveCfg = Release|Any CPU
		{47E9B240-790A-4545-A84D-185D290E1337}.Release|Any CPU.Build.0 = Release|Any CPU
		{AF99BAA7-E230-4B06-8CFD-5B3A97E86917}.Debug|Any CPU.ActiveCfg = Debug|Any CPU
		{AF99BAA7-E230-4B06-8CFD-5B3A97E86917}.Debug|Any CPU.Build.0 = Debug|Any CPU
		{AF99BAA7-E230-4B06-8CFD-5B3A97E86917}.Release|Any CPU.ActiveCfg = Release|Any CPU
		{AF99BAA7-E230-4B06-8CFD-5B3A97E86917}.Release|Any CPU.Build.0 = Release|Any CPU
		{56E4C2F4-7941-46A7-937C-18B4504CA895}.Debug|Any CPU.ActiveCfg = Debug|Any CPU
		{56E4C2F4-7941-46A7-937C-18B4504CA895}.Debug|Any CPU.Build.0 = Debug|Any CPU
		{56E4C2F4-7941-46A7-937C-18B4504CA895}.Release|Any CPU.ActiveCfg = Release|Any CPU
		{56E4C2F4-7941-46A7-937C-18B4504CA895}.Release|Any CPU.Build.0 = Release|Any CPU
		{34166EE0-DB3C-4B92-85E6-8FCC394A2AA7}.Debug|Any CPU.ActiveCfg = Debug|Any CPU
		{34166EE0-DB3C-4B92-85E6-8FCC394A2AA7}.Debug|Any CPU.Build.0 = Debug|Any CPU
		{34166EE0-DB3C-4B92-85E6-8FCC394A2AA7}.Release|Any CPU.ActiveCfg = Release|Any CPU
		{34166EE0-DB3C-4B92-85E6-8FCC394A2AA7}.Release|Any CPU.Build.0 = Release|Any CPU
		{E462795A-563F-4583-8B05-93AAD50C4874}.Debug|Any CPU.ActiveCfg = Debug|Any CPU
		{E462795A-563F-4583-8B05-93AAD50C4874}.Debug|Any CPU.Build.0 = Debug|Any CPU
		{E462795A-563F-4583-8B05-93AAD50C4874}.Release|Any CPU.ActiveCfg = Release|Any CPU
		{E462795A-563F-4583-8B05-93AAD50C4874}.Release|Any CPU.Build.0 = Release|Any CPU
	EndGlobalSection
	GlobalSection(SolutionProperties) = preSolution
		HideSolutionNode = FALSE
	EndGlobalSection
	GlobalSection(NestedProjects) = preSolution
		{C3824D2D-9E2D-45DE-876C-BD0D4FB67538} = {9A7EEB90-E39C-43C4-A78D-5EBE828C36FC}
		{C2B2B6EA-A5F0-41BB-8C83-8D4509960B1B} = {9A7EEB90-E39C-43C4-A78D-5EBE828C36FC}
		{3AB0D990-340E-401F-B491-E284A7CC6AC1} = {05B3DFC6-2E67-4E1D-A0E7-422B1C4425CF}
		{0AC0C314-B014-4930-B2A2-96F17AE5F132} = {05B3DFC6-2E67-4E1D-A0E7-422B1C4425CF}
		{C44C5F96-54BF-47C9-B59F-F06B74308671} = {BBDC399E-DE91-4662-A433-5942DC081FA0}
		{78478816-3E1F-4940-B6BE-CE0E68E542B9} = {BBDC399E-DE91-4662-A433-5942DC081FA0}
		{DD2BE9DE-276A-44E9-BCFE-683C25C67629} = {FEBD0E43-A682-4C86-8804-1DFAC645A8B0}
		{E720D27F-F4C1-4B30-9136-71C572D954A0} = {FEBD0E43-A682-4C86-8804-1DFAC645A8B0}
		{97227BF8-FF38-4EB9-B352-F3C647E54C1F} = {02EA681E-C7D8-13C7-8484-4AC65E1B71E8}
		{47E9B240-790A-4545-A84D-185D290E1337} = {02EA681E-C7D8-13C7-8484-4AC65E1B71E8}
		{AF99BAA7-E230-4B06-8CFD-5B3A97E86917} = {BDC63DBE-3095-442B-8F47-6968F24DDA70}
		{56E4C2F4-7941-46A7-937C-18B4504CA895} = {BDC63DBE-3095-442B-8F47-6968F24DDA70}
	EndGlobalSection
	GlobalSection(ExtensibilityGlobals) = postSolution
		SolutionGuid = {E3DAA371-10A4-401A-AFAC-6DDB2D695A8F}
	EndGlobalSection
EndGlobal
