
Microsoft Visual Studio Solution File, Format Version 12.00
# Visual Studio Version 17
VisualStudioVersion = 17.14.36414.22
MinimumVisualStudioVersion = 10.0.40219.1
Project("{FAE04EC0-301F-11D3-BF4B-00C04F79EFBC}") = "NP test", "NP test\NP test.csproj", "{9CE1AD48-93DA-4155-BF3C-AD612DFD2F46}"
EndProject
Project("{FAE04EC0-301F-11D3-BF4B-00C04F79EFBC}") = "TCP server app", "TCP server app\TCP server app.csproj", "{C3824D2D-9E2D-45DE-876C-BD0D4FB67538}"
EndProject
Project("{FAE04EC0-301F-11D3-BF4B-00C04F79EFBC}") = "TCP client app", "TCP client app\TCP client app.csproj", "{C2B2B6EA-A5F0-41BB-8C83-8D4509960B1B}"
EndProject
Project("{FAE04EC0-301F-11D3-BF4B-00C04F79EFBC}") = "TCP multi-client server", "TCP multi-client server\TCP multi-client server.csproj", "{3AB0D990-340E-401F-B491-E284A7CC6AC1}"
EndProject
Project("{FAE04EC0-301F-11D3-BF4B-00C04F79EFBC}") = "TCP chat client", "TCP chat client\TCP chat client.csproj", "{0AC0C314-B014-4930-B2A2-96F17AE5F132}"
EndProject
Project("{FAE04EC0-301F-11D3-BF4B-00C04F79EFBC}") = "01_Server", "01_Server\01_Server.csproj", "{C44C5F96-54BF-47C9-B59F-F06B74308671}"
EndProject
Project("{FAE04EC0-301F-11D3-BF4B-00C04F79EFBC}") = "01_Client", "01_Client\01_Client.csproj", "{78478816-3E1F-4940-B6BE-CE0E68E542B9}"
EndProject
Project("{FAE04EC0-301F-11D3-BF4B-00C04F79EFBC}") = "02_Async server", "02_Async server\02_Async server.csproj", "{DD2BE9DE-276A-44E9-BCFE-683C25C67629}"
EndProject
Project("{FAE04EC0-301F-11D3-BF4B-00C04F79EFBC}") = "02_Async client", "02_Async client\02_Async client.csproj", "{E720D27F-F4C1-4B30-9136-71C572D954A0}"
EndProject
Project("{FAE04EC0-301F-11D3-BF4B-00C04F79EFBC}") = "WFServer", "WFServer\WFServer.csproj", "{97227BF8-FF38-4EB9-B352-F3C647E54C1F}"
EndProject
Project("{2150E333-8FDC-42A3-9474-1A3956D46DE8}") = "03 tcp WF", "03 tcp WF", "{02EA681E-C7D8-13C7-8484-4AC65E1B71E8}"
EndProject
Project("{2150E333-8FDC-42A3-9474-1A3956D46DE8}") = "01", "01", "{BBDC399E-DE91-4662-A433-5942DC081FA0}"
EndProject
Project("{2150E333-8FDC-42A3-9474-1A3956D46DE8}") = "02 ASync", "02 ASync", "{FEBD0E43-A682-4C86-8804-1DFAC645A8B0}"
EndProject
Project("{FAE04EC0-301F-11D3-BF4B-00C04F79EFBC}") = "WFClient", "WFClient\WFClient.csproj", "{47E9B240-790A-4545-A84D-185D290E1337}"
EndProject
Project("{2150E333-8FDC-42A3-9474-1A3956D46DE8}") = "04 Hello bye WF", "04 Hello bye WF", "{BDC63DBE-3095-442B-8F47-6968F24DDA70}"
EndProject
Project("{FAE04EC0-301F-11D3-BF4B-00C04F79EFBC}") = "Hello Bye WF server", "Hello Bye WF\Hello Bye WF server.csproj", "{AF99BAA7-E230-4B06-8CFD-5B3A97E86917}"
EndProject
Project("{FAE04EC0-301F-11D3-BF4B-00C04F79EFBC}") = "Hello Bye WF Client", "Hello Bye WF Client\Hello Bye WF Client.csproj", "{56E4C2F4-7941-46A7-937C-18B4504CA895}"
EndProject
Project("{2150E333-8FDC-42A3-9474-1A3956D46DE8}") = "Console tcp chat", "Console tcp chat", "{9A7EEB90-E39C-43C4-A78D-5EBE828C36FC}"
EndProject
Project("{2150E333-8FDC-42A3-9474-1A3956D46DE8}") = "Console multiclients chat tcp", "Console multiclients chat tcp", "{05B3DFC6-2E67-4E1D-A0E7-422B1C4425CF}"
EndProject
Project("{FAE04EC0-301F-11D3-BF4B-00C04F79EFBC}") = "00-Socket server", "00-Socket server\00-Socket server.csproj", "{34166EE0-DB3C-4B92-85E6-8FCC394A2AA7}"
EndProject
Project("{FAE04EC0-301F-11D3-BF4B-00C04F79EFBC}") = "00-Socket client", "00-Socket client\00-Socket client.csproj", "{E462795A-563F-4583-8B05-93AAD50C4874}"
EndProject
Project("{2150E333-8FDC-42A3-9474-1A3956D46DE8}") = "Test", "Test", "{59B16EDA-4BC7-4C63-92C9-CA126CAB48D4}"
EndProject
Project("{FAE04EC0-301F-11D3-BF4B-00C04F79EFBC}") = "Test Server", "Test Server\Test Server.csproj", "{AF03685B-C10C-4979-A39B-BDBF8E7F6A9A}"
EndProject
Project("{FAE04EC0-301F-11D3-BF4B-00C04F79EFBC}") = "Test client", "Test client\Test client.csproj", "{9EDD9585-54C1-48F0-B424-C81C714B82DF}"
EndProject
Project("{2150E333-8FDC-42A3-9474-1A3956D46DE8}") = "00-Socket", "00-Socket", "{E6DDE3E6-D154-47B4-9395-37ACC096F3CA}"
EndProject
Project("{2150E333-8FDC-42A3-9474-1A3956D46DE8}") = "Multi client chat (async)", "Multi client chat (async)", "{3A851603-8BC3-496D-BC96-47D3F6BFCAD7}"
EndProject
Project("{FAE04EC0-301F-11D3-BF4B-00C04F79EFBC}") = "Multi client chat async server", "Multi client chat async server\Multi client chat async server.csproj", "{4732C3C6-02BA-4DB5-A7B3-1B2E6989C617}"
EndProject
Project("{FAE04EC0-301F-11D3-BF4B-00C04F79EFBC}") = "Multi client chat async client", "Multi client chat async client\Multi client chat async client.csproj", "{23F95E81-B479-4505-BA3B-B7B2C59A8B46}"
EndProject
Project("{2150E333-8FDC-42A3-9474-1A3956D46DE8}") = "Quote Ex", "Quote Ex", "{063C341B-4AF4-45E9-841E-04989BE9163A}"
EndProject
Project("{FAE04EC0-301F-11D3-BF4B-00C04F79EFBC}") = "Quote Server", "Quote Server\Quote Server.csproj", "{2FE326CA-4B71-4AEA-812F-65F61483AB42}"
EndProject
Project("{FAE04EC0-301F-11D3-BF4B-00C04F79EFBC}") = "Quote Client", "Quote Client\Quote Client.csproj", "{D8147FA2-3CC8-432A-8B3B-88DD38CAA015}"
EndProject
Project("{2150E333-8FDC-42A3-9474-1A3956D46DE8}") = "01 UDP", "01 UDP", "{46D2ECA1-EFEB-46B0-AB57-DC22F8F09572}"
EndProject
Project("{FAE04EC0-301F-11D3-BF4B-00C04F79EFBC}") = "01 UDP Server", "01 UDP Server\01 UDP Server.csproj", "{9A687DA1-2CB3-45B3-878D-D9A00DF4B8C6}"
EndProject
Project("{FAE04EC0-301F-11D3-BF4B-00C04F79EFBC}") = "01 UDP client", "01 UDP client\01 UDP client.csproj", "{3AEC547F-7BED-4F3E-9E56-CBC957EEF566}"
EndProject
Project("{FAE04EC0-301F-11D3-BF4B-00C04F79EFBC}") = "02 UDP async server", "02 UDP async server\02 UDP async server.csproj", "{6FEF6C04-27EC-463B-81F9-3D9556BD68BE}"
EndProject
Project("{2150E333-8FDC-42A3-9474-1A3956D46DE8}") = "UDP", "UDP", "{B0D6F489-6215-4B75-BAA8-A9E72BA0BA31}"
EndProject
Project("{2150E333-8FDC-42A3-9474-1A3956D46DE8}") = "02 UDP async", "02 UDP async", "{EA6AC3BE-C0F4-4692-B2FC-78D1EE1549FB}"
EndProject
Project("{FAE04EC0-301F-11D3-BF4B-00C04F79EFBC}") = "02 UDP async client", "02 UDP async client\02 UDP async client.csproj", "{D321EABE-4B76-4014-95D9-746A3CB4C5BF}"
EndProject
Project("{2150E333-8FDC-42A3-9474-1A3956D46DE8}") = "03 UDP", "03 UDP", "{094B3B15-F3B2-418F-B677-A31C180AD6A3}"
EndProject
Project("{FAE04EC0-301F-11D3-BF4B-00C04F79EFBC}") = "03 UDP Server", "03 UDP Server\03 UDP Server.csproj", "{CBA2B35F-BD2B-4E50-9077-255EF8365D28}"
EndProject
Project("{FAE04EC0-301F-11D3-BF4B-00C04F79EFBC}") = "03 UDP Client", "03 UDP Client\03 UDP Client.csproj", "{8541237F-01C4-4E7C-B78B-8D38D33261AC}"
EndProject
Project("{2150E333-8FDC-42A3-9474-1A3956D46DE8}") = "Multicast", "Multicast", "{0CCCB5C4-8FA5-416E-B5CB-059DC2402C8F}"
EndProject
Project("{FAE04EC0-301F-11D3-BF4B-00C04F79EFBC}") = "Multicast server", "Multicast server\Multicast server.csproj", "{F747180E-F965-4628-9D74-AEFD7F6D35EC}"
EndProject
Project("{FAE04EC0-301F-11D3-BF4B-00C04F79EFBC}") = "Multicast client", "Multicast client\Multicast client.csproj", "{B74D00DC-2530-47D2-A9FC-83B8EA46B8A5}"
EndProject
Project("{2150E333-8FDC-42A3-9474-1A3956D46DE8}") = "Multicast(two groups) physical", "Multicast(two groups) physical", "{AD2390E1-4A79-44B8-9BE1-D51D2545107F}"
EndProject
Project("{FAE04EC0-301F-11D3-BF4B-00C04F79EFBC}") = "Multicast 2 grp server", "Multicast 2 grp server\Multicast 2 grp server.csproj", "{D306275A-0EB1-4A12-B100-29883CEE04F8}"
EndProject
Project("{FAE04EC0-301F-11D3-BF4B-00C04F79EFBC}") = "Multicast 2 grp client", "Multicast 2 grp client\Multicast 2 grp client.csproj", "{2CEDF887-A7E3-48DC-8533-599AF655B624}"
EndProject
Global
	GlobalSection(SolutionConfigurationPlatforms) = preSolution
		Debug|Any CPU = Debug|Any CPU
		Release|Any CPU = Release|Any CPU
	EndGlobalSection
	GlobalSection(ProjectConfigurationPlatforms) = postSolution
		{9CE1AD48-93DA-4155-BF3C-AD612DFD2F46}.Debug|Any CPU.ActiveCfg = Debug|Any CPU
		{9CE1AD48-93DA-4155-BF3C-AD612DFD2F46}.Debug|Any CPU.Build.0 = Debug|Any CPU
		{9CE1AD48-93DA-4155-BF3C-AD612DFD2F46}.Release|Any CPU.ActiveCfg = Release|Any CPU
		{9CE1AD48-93DA-4155-BF3C-AD612DFD2F46}.Release|Any CPU.Build.0 = Release|Any CPU
		{C3824D2D-9E2D-45DE-876C-BD0D4FB67538}.Debug|Any CPU.ActiveCfg = Debug|Any CPU
		{C3824D2D-9E2D-45DE-876C-BD0D4FB67538}.Debug|Any CPU.Build.0 = Debug|Any CPU
		{C3824D2D-9E2D-45DE-876C-BD0D4FB67538}.Release|Any CPU.ActiveCfg = Release|Any CPU
		{C3824D2D-9E2D-45DE-876C-BD0D4FB67538}.Release|Any CPU.Build.0 = Release|Any CPU
		{C2B2B6EA-A5F0-41BB-8C83-8D4509960B1B}.Debug|Any CPU.ActiveCfg = Debug|Any CPU
		{C2B2B6EA-A5F0-41BB-8C83-8D4509960B1B}.Debug|Any CPU.Build.0 = Debug|Any CPU
		{C2B2B6EA-A5F0-41BB-8C83-8D4509960B1B}.Release|Any CPU.ActiveCfg = Release|Any CPU
		{C2B2B6EA-A5F0-41BB-8C83-8D4509960B1B}.Release|Any CPU.Build.0 = Release|Any CPU
		{3AB0D990-340E-401F-B491-E284A7CC6AC1}.Debug|Any CPU.ActiveCfg = Debug|Any CPU
		{3AB0D990-340E-401F-B491-E284A7CC6AC1}.Debug|Any CPU.Build.0 = Debug|Any CPU
		{3AB0D990-340E-401F-B491-E284A7CC6AC1}.Release|Any CPU.ActiveCfg = Release|Any CPU
		{3AB0D990-340E-401F-B491-E284A7CC6AC1}.Release|Any CPU.Build.0 = Release|Any CPU
		{0AC0C314-B014-4930-B2A2-96F17AE5F132}.Debug|Any CPU.ActiveCfg = Debug|Any CPU
		{0AC0C314-B014-4930-B2A2-96F17AE5F132}.Debug|Any CPU.Build.0 = Debug|Any CPU
		{0AC0C314-B014-4930-B2A2-96F17AE5F132}.Release|Any CPU.ActiveCfg = Release|Any CPU
		{0AC0C314-B014-4930-B2A2-96F17AE5F132}.Release|Any CPU.Build.0 = Release|Any CPU
		{C44C5F96-54BF-47C9-B59F-F06B74308671}.Debug|Any CPU.ActiveCfg = Debug|Any CPU
		{C44C5F96-54BF-47C9-B59F-F06B74308671}.Debug|Any CPU.Build.0 = Debug|Any CPU
		{C44C5F96-54BF-47C9-B59F-F06B74308671}.Release|Any CPU.ActiveCfg = Release|Any CPU
		{C44C5F96-54BF-47C9-B59F-F06B74308671}.Release|Any CPU.Build.0 = Release|Any CPU
		{78478816-3E1F-4940-B6BE-CE0E68E542B9}.Debug|Any CPU.ActiveCfg = Debug|Any CPU
		{78478816-3E1F-4940-B6BE-CE0E68E542B9}.Debug|Any CPU.Build.0 = Debug|Any CPU
		{78478816-3E1F-4940-B6BE-CE0E68E542B9}.Release|Any CPU.ActiveCfg = Release|Any CPU
		{78478816-3E1F-4940-B6BE-CE0E68E542B9}.Release|Any CPU.Build.0 = Release|Any CPU
		{DD2BE9DE-276A-44E9-BCFE-683C25C67629}.Debug|Any CPU.ActiveCfg = Debug|Any CPU
		{DD2BE9DE-276A-44E9-BCFE-683C25C67629}.Debug|Any CPU.Build.0 = Debug|Any CPU
		{DD2BE9DE-276A-44E9-BCFE-683C25C67629}.Release|Any CPU.ActiveCfg = Release|Any CPU
		{DD2BE9DE-276A-44E9-BCFE-683C25C67629}.Release|Any CPU.Build.0 = Release|Any CPU
		{E720D27F-F4C1-4B30-9136-71C572D954A0}.Debug|Any CPU.ActiveCfg = Debug|Any CPU
		{E720D27F-F4C1-4B30-9136-71C572D954A0}.Debug|Any CPU.Build.0 = Debug|Any CPU
		{E720D27F-F4C1-4B30-9136-71C572D954A0}.Release|Any CPU.ActiveCfg = Release|Any CPU
		{E720D27F-F4C1-4B30-9136-71C572D954A0}.Release|Any CPU.Build.0 = Release|Any CPU
		{97227BF8-FF38-4EB9-B352-F3C647E54C1F}.Debug|Any CPU.ActiveCfg = Debug|Any CPU
		{97227BF8-FF38-4EB9-B352-F3C647E54C1F}.Debug|Any CPU.Build.0 = Debug|Any CPU
		{97227BF8-FF38-4EB9-B352-F3C647E54C1F}.Release|Any CPU.ActiveCfg = Release|Any CPU
		{97227BF8-FF38-4EB9-B352-F3C647E54C1F}.Release|Any CPU.Build.0 = Release|Any CPU
		{47E9B240-790A-4545-A84D-185D290E1337}.Debug|Any CPU.ActiveCfg = Debug|Any CPU
		{47E9B240-790A-4545-A84D-185D290E1337}.Debug|Any CPU.Build.0 = Debug|Any CPU
		{47E9B240-790A-4545-A84D-185D290E1337}.Release|Any CPU.ActiveCfg = Release|Any CPU
		{47E9B240-790A-4545-A84D-185D290E1337}.Release|Any CPU.Build.0 = Release|Any CPU
		{AF99BAA7-E230-4B06-8CFD-5B3A97E86917}.Debug|Any CPU.ActiveCfg = Debug|Any CPU
		{AF99BAA7-E230-4B06-8CFD-5B3A97E86917}.Debug|Any CPU.Build.0 = Debug|Any CPU
		{AF99BAA7-E230-4B06-8CFD-5B3A97E86917}.Release|Any CPU.ActiveCfg = Release|Any CPU
		{AF99BAA7-E230-4B06-8CFD-5B3A97E86917}.Release|Any CPU.Build.0 = Release|Any CPU
		{56E4C2F4-7941-46A7-937C-18B4504CA895}.Debug|Any CPU.ActiveCfg = Debug|Any CPU
		{56E4C2F4-7941-46A7-937C-18B4504CA895}.Debug|Any CPU.Build.0 = Debug|Any CPU
		{56E4C2F4-7941-46A7-937C-18B4504CA895}.Release|Any CPU.ActiveCfg = Release|Any CPU
		{56E4C2F4-7941-46A7-937C-18B4504CA895}.Release|Any CPU.Build.0 = Release|Any CPU
		{34166EE0-DB3C-4B92-85E6-8FCC394A2AA7}.Debug|Any CPU.ActiveCfg = Debug|Any CPU
		{34166EE0-DB3C-4B92-85E6-8FCC394A2AA7}.Debug|Any CPU.Build.0 = Debug|Any CPU
		{34166EE0-DB3C-4B92-85E6-8FCC394A2AA7}.Release|Any CPU.ActiveCfg = Release|Any CPU
		{34166EE0-DB3C-4B92-85E6-8FCC394A2AA7}.Release|Any CPU.Build.0 = Release|Any CPU
		{E462795A-563F-4583-8B05-93AAD50C4874}.Debug|Any CPU.ActiveCfg = Debug|Any CPU
		{E462795A-563F-4583-8B05-93AAD50C4874}.Debug|Any CPU.Build.0 = Debug|Any CPU
		{E462795A-563F-4583-8B05-93AAD50C4874}.Release|Any CPU.ActiveCfg = Release|Any CPU
		{E462795A-563F-4583-8B05-93AAD50C4874}.Release|Any CPU.Build.0 = Release|Any CPU
		{AF03685B-C10C-4979-A39B-BDBF8E7F6A9A}.Debug|Any CPU.ActiveCfg = Debug|Any CPU
		{AF03685B-C10C-4979-A39B-BDBF8E7F6A9A}.Debug|Any CPU.Build.0 = Debug|Any CPU
		{AF03685B-C10C-4979-A39B-BDBF8E7F6A9A}.Release|Any CPU.ActiveCfg = Release|Any CPU
		{AF03685B-C10C-4979-A39B-BDBF8E7F6A9A}.Release|Any CPU.Build.0 = Release|Any CPU
		{9EDD9585-54C1-48F0-B424-C81C714B82DF}.Debug|Any CPU.ActiveCfg = Debug|Any CPU
		{9EDD9585-54C1-48F0-B424-C81C714B82DF}.Debug|Any CPU.Build.0 = Debug|Any CPU
		{9EDD9585-54C1-48F0-B424-C81C714B82DF}.Release|Any CPU.ActiveCfg = Release|Any CPU
		{9EDD9585-54C1-48F0-B424-C81C714B82DF}.Release|Any CPU.Build.0 = Release|Any CPU
		{4732C3C6-02BA-4DB5-A7B3-1B2E6989C617}.Debug|Any CPU.ActiveCfg = Debug|Any CPU
		{4732C3C6-02BA-4DB5-A7B3-1B2E6989C617}.Debug|Any CPU.Build.0 = Debug|Any CPU
		{4732C3C6-02BA-4DB5-A7B3-1B2E6989C617}.Release|Any CPU.ActiveCfg = Release|Any CPU
		{4732C3C6-02BA-4DB5-A7B3-1B2E6989C617}.Release|Any CPU.Build.0 = Release|Any CPU
		{23F95E81-B479-4505-BA3B-B7B2C59A8B46}.Debug|Any CPU.ActiveCfg = Debug|Any CPU
		{23F95E81-B479-4505-BA3B-B7B2C59A8B46}.Debug|Any CPU.Build.0 = Debug|Any CPU
		{23F95E81-B479-4505-BA3B-B7B2C59A8B46}.Release|Any CPU.ActiveCfg = Release|Any CPU
		{23F95E81-B479-4505-BA3B-B7B2C59A8B46}.Release|Any CPU.Build.0 = Release|Any CPU
		{2FE326CA-4B71-4AEA-812F-65F61483AB42}.Debug|Any CPU.ActiveCfg = Debug|Any CPU
		{2FE326CA-4B71-4AEA-812F-65F61483AB42}.Debug|Any CPU.Build.0 = Debug|Any CPU
		{2FE326CA-4B71-4AEA-812F-65F61483AB42}.Release|Any CPU.ActiveCfg = Release|Any CPU
		{2FE326CA-4B71-4AEA-812F-65F61483AB42}.Release|Any CPU.Build.0 = Release|Any CPU
		{D8147FA2-3CC8-432A-8B3B-88DD38CAA015}.Debug|Any CPU.ActiveCfg = Debug|Any CPU
		{D8147FA2-3CC8-432A-8B3B-88DD38CAA015}.Debug|Any CPU.Build.0 = Debug|Any CPU
		{D8147FA2-3CC8-432A-8B3B-88DD38CAA015}.Release|Any CPU.ActiveCfg = Release|Any CPU
		{D8147FA2-3CC8-432A-8B3B-88DD38CAA015}.Release|Any CPU.Build.0 = Release|Any CPU
		{9A687DA1-2CB3-45B3-878D-D9A00DF4B8C6}.Debug|Any CPU.ActiveCfg = Debug|Any CPU
		{9A687DA1-2CB3-45B3-878D-D9A00DF4B8C6}.Debug|Any CPU.Build.0 = Debug|Any CPU
		{9A687DA1-2CB3-45B3-878D-D9A00DF4B8C6}.Release|Any CPU.ActiveCfg = Release|Any CPU
		{9A687DA1-2CB3-45B3-878D-D9A00DF4B8C6}.Release|Any CPU.Build.0 = Release|Any CPU
		{3AEC547F-7BED-4F3E-9E56-CBC957EEF566}.Debug|Any CPU.ActiveCfg = Debug|Any CPU
		{3AEC547F-7BED-4F3E-9E56-CBC957EEF566}.Debug|Any CPU.Build.0 = Debug|Any CPU
		{3AEC547F-7BED-4F3E-9E56-CBC957EEF566}.Release|Any CPU.ActiveCfg = Release|Any CPU
		{3AEC547F-7BED-4F3E-9E56-CBC957EEF566}.Release|Any CPU.Build.0 = Release|Any CPU
		{6FEF6C04-27EC-463B-81F9-3D9556BD68BE}.Debug|Any CPU.ActiveCfg = Debug|Any CPU
		{6FEF6C04-27EC-463B-81F9-3D9556BD68BE}.Debug|Any CPU.Build.0 = Debug|Any CPU
		{6FEF6C04-27EC-463B-81F9-3D9556BD68BE}.Release|Any CPU.ActiveCfg = Release|Any CPU
		{6FEF6C04-27EC-463B-81F9-3D9556BD68BE}.Release|Any CPU.Build.0 = Release|Any CPU
		{D321EABE-4B76-4014-95D9-746A3CB4C5BF}.Debug|Any CPU.ActiveCfg = Debug|Any CPU
		{D321EABE-4B76-4014-95D9-746A3CB4C5BF}.Debug|Any CPU.Build.0 = Debug|Any CPU
		{D321EABE-4B76-4014-95D9-746A3CB4C5BF}.Release|Any CPU.ActiveCfg = Release|Any CPU
		{D321EABE-4B76-4014-95D9-746A3CB4C5BF}.Release|Any CPU.Build.0 = Release|Any CPU
		{CBA2B35F-BD2B-4E50-9077-255EF8365D28}.Debug|Any CPU.ActiveCfg = Debug|Any CPU
		{CBA2B35F-BD2B-4E50-9077-255EF8365D28}.Debug|Any CPU.Build.0 = Debug|Any CPU
		{CBA2B35F-BD2B-4E50-9077-255EF8365D28}.Release|Any CPU.ActiveCfg = Release|Any CPU
		{CBA2B35F-BD2B-4E50-9077-255EF8365D28}.Release|Any CPU.Build.0 = Release|Any CPU
		{8541237F-01C4-4E7C-B78B-8D38D33261AC}.Debug|Any CPU.ActiveCfg = Debug|Any CPU
		{8541237F-01C4-4E7C-B78B-8D38D33261AC}.Debug|Any CPU.Build.0 = Debug|Any CPU
		{8541237F-01C4-4E7C-B78B-8D38D33261AC}.Release|Any CPU.ActiveCfg = Release|Any CPU
		{8541237F-01C4-4E7C-B78B-8D38D33261AC}.Release|Any CPU.Build.0 = Release|Any CPU
		{F747180E-F965-4628-9D74-AEFD7F6D35EC}.Debug|Any CPU.ActiveCfg = Debug|Any CPU
		{F747180E-F965-4628-9D74-AEFD7F6D35EC}.Debug|Any CPU.Build.0 = Debug|Any CPU
		{F747180E-F965-4628-9D74-AEFD7F6D35EC}.Release|Any CPU.ActiveCfg = Release|Any CPU
		{F747180E-F965-4628-9D74-AEFD7F6D35EC}.Release|Any CPU.Build.0 = Release|Any CPU
		{B74D00DC-2530-47D2-A9FC-83B8EA46B8A5}.Debug|Any CPU.ActiveCfg = Debug|Any CPU
		{B74D00DC-2530-47D2-A9FC-83B8EA46B8A5}.Debug|Any CPU.Build.0 = Debug|Any CPU
		{B74D00DC-2530-47D2-A9FC-83B8EA46B8A5}.Release|Any CPU.ActiveCfg = Release|Any CPU
		{B74D00DC-2530-47D2-A9FC-83B8EA46B8A5}.Release|Any CPU.Build.0 = Release|Any CPU
		{D306275A-0EB1-4A12-B100-29883CEE04F8}.Debug|Any CPU.ActiveCfg = Debug|Any CPU
		{D306275A-0EB1-4A12-B100-29883CEE04F8}.Debug|Any CPU.Build.0 = Debug|Any CPU
		{D306275A-0EB1-4A12-B100-29883CEE04F8}.Release|Any CPU.ActiveCfg = Release|Any CPU
		{D306275A-0EB1-4A12-B100-29883CEE04F8}.Release|Any CPU.Build.0 = Release|Any CPU
		{2CEDF887-A7E3-48DC-8533-599AF655B624}.Debug|Any CPU.ActiveCfg = Debug|Any CPU
		{2CEDF887-A7E3-48DC-8533-599AF655B624}.Debug|Any CPU.Build.0 = Debug|Any CPU
		{2CEDF887-A7E3-48DC-8533-599AF655B624}.Release|Any CPU.ActiveCfg = Release|Any CPU
		{2CEDF887-A7E3-48DC-8533-599AF655B624}.Release|Any CPU.Build.0 = Release|Any CPU
	EndGlobalSection
	GlobalSection(SolutionProperties) = preSolution
		HideSolutionNode = FALSE
	EndGlobalSection
	GlobalSection(NestedProjects) = preSolution
		{C3824D2D-9E2D-45DE-876C-BD0D4FB67538} = {9A7EEB90-E39C-43C4-A78D-5EBE828C36FC}
		{C2B2B6EA-A5F0-41BB-8C83-8D4509960B1B} = {9A7EEB90-E39C-43C4-A78D-5EBE828C36FC}
		{3AB0D990-340E-401F-B491-E284A7CC6AC1} = {05B3DFC6-2E67-4E1D-A0E7-422B1C4425CF}
		{0AC0C314-B014-4930-B2A2-96F17AE5F132} = {05B3DFC6-2E67-4E1D-A0E7-422B1C4425CF}
		{C44C5F96-54BF-47C9-B59F-F06B74308671} = {BBDC399E-DE91-4662-A433-5942DC081FA0}
		{78478816-3E1F-4940-B6BE-CE0E68E542B9} = {BBDC399E-DE91-4662-A433-5942DC081FA0}
		{DD2BE9DE-276A-44E9-BCFE-683C25C67629} = {FEBD0E43-A682-4C86-8804-1DFAC645A8B0}
		{E720D27F-F4C1-4B30-9136-71C572D954A0} = {FEBD0E43-A682-4C86-8804-1DFAC645A8B0}
		{97227BF8-FF38-4EB9-B352-F3C647E54C1F} = {02EA681E-C7D8-13C7-8484-4AC65E1B71E8}
		{47E9B240-790A-4545-A84D-185D290E1337} = {02EA681E-C7D8-13C7-8484-4AC65E1B71E8}
		{AF99BAA7-E230-4B06-8CFD-5B3A97E86917} = {BDC63DBE-3095-442B-8F47-6968F24DDA70}
		{56E4C2F4-7941-46A7-937C-18B4504CA895} = {BDC63DBE-3095-442B-8F47-6968F24DDA70}
		{34166EE0-DB3C-4B92-85E6-8FCC394A2AA7} = {E6DDE3E6-D154-47B4-9395-37ACC096F3CA}
		{E462795A-563F-4583-8B05-93AAD50C4874} = {E6DDE3E6-D154-47B4-9395-37ACC096F3CA}
		{AF03685B-C10C-4979-A39B-BDBF8E7F6A9A} = {59B16EDA-4BC7-4C63-92C9-CA126CAB48D4}
		{9EDD9585-54C1-48F0-B424-C81C714B82DF} = {59B16EDA-4BC7-4C63-92C9-CA126CAB48D4}
		{4732C3C6-02BA-4DB5-A7B3-1B2E6989C617} = {3A851603-8BC3-496D-BC96-47D3F6BFCAD7}
		{23F95E81-B479-4505-BA3B-B7B2C59A8B46} = {3A851603-8BC3-496D-BC96-47D3F6BFCAD7}
		{2FE326CA-4B71-4AEA-812F-65F61483AB42} = {063C341B-4AF4-45E9-841E-04989BE9163A}
		{D8147FA2-3CC8-432A-8B3B-88DD38CAA015} = {063C341B-4AF4-45E9-841E-04989BE9163A}
		{46D2ECA1-EFEB-46B0-AB57-DC22F8F09572} = {B0D6F489-6215-4B75-BAA8-A9E72BA0BA31}
		{9A687DA1-2CB3-45B3-878D-D9A00DF4B8C6} = {46D2ECA1-EFEB-46B0-AB57-DC22F8F09572}
		{3AEC547F-7BED-4F3E-9E56-CBC957EEF566} = {46D2ECA1-EFEB-46B0-AB57-DC22F8F09572}
		{6FEF6C04-27EC-463B-81F9-3D9556BD68BE} = {EA6AC3BE-C0F4-4692-B2FC-78D1EE1549FB}
		{EA6AC3BE-C0F4-4692-B2FC-78D1EE1549FB} = {B0D6F489-6215-4B75-BAA8-A9E72BA0BA31}
		{D321EABE-4B76-4014-95D9-746A3CB4C5BF} = {EA6AC3BE-C0F4-4692-B2FC-78D1EE1549FB}
		{094B3B15-F3B2-418F-B677-A31C180AD6A3} = {B0D6F489-6215-4B75-BAA8-A9E72BA0BA31}
		{CBA2B35F-BD2B-4E50-9077-255EF8365D28} = {094B3B15-F3B2-418F-B677-A31C180AD6A3}
		{8541237F-01C4-4E7C-B78B-8D38D33261AC} = {094B3B15-F3B2-418F-B677-A31C180AD6A3}
		{0CCCB5C4-8FA5-416E-B5CB-059DC2402C8F} = {B0D6F489-6215-4B75-BAA8-A9E72BA0BA31}
		{F747180E-F965-4628-9D74-AEFD7F6D35EC} = {0CCCB5C4-8FA5-416E-B5CB-059DC2402C8F}
		{B74D00DC-2530-47D2-A9FC-83B8EA46B8A5} = {0CCCB5C4-8FA5-416E-B5CB-059DC2402C8F}
		{AD2390E1-4A79-44B8-9BE1-D51D2545107F} = {B0D6F489-6215-4B75-BAA8-A9E72BA0BA31}
		{D306275A-0EB1-4A12-B100-29883CEE04F8} = {AD2390E1-4A79-44B8-9BE1-D51D2545107F}
		{2CEDF887-A7E3-48DC-8533-599AF655B624} = {AD2390E1-4A79-44B8-9BE1-D51D2545107F}
	EndGlobalSection
	GlobalSection(ExtensibilityGlobals) = postSolution
		SolutionGuid = {E3DAA371-10A4-401A-AFAC-6DDB2D695A8F}
	EndGlobalSection
EndGlobal
